// !$*UTF8*$!
{
	archiveVersion = 1;
	classes = {
	};
	objectVersion = 55;
	objects = {

/* Begin PBXBuildFile section */
		7A7B703D274384CF00CF9A97 /* AppDelegate.swift in Sources */ = {isa = PBXBuildFile; fileRef = 7A7B703C274384CF00CF9A97 /* AppDelegate.swift */; };
		7A7B703F274384CF00CF9A97 /* SceneDelegate.swift in Sources */ = {isa = PBXBuildFile; fileRef = 7A7B703E274384CF00CF9A97 /* SceneDelegate.swift */; };
		7A7B7041274384CF00CF9A97 /* ViewController.swift in Sources */ = {isa = PBXBuildFile; fileRef = 7A7B7040274384CF00CF9A97 /* ViewController.swift */; };
		7A7B7046274384D100CF9A97 /* Assets.xcassets in Resources */ = {isa = PBXBuildFile; fileRef = 7A7B7045274384D100CF9A97 /* Assets.xcassets */; };
		7A7B7049274384D100CF9A97 /* LaunchScreen.storyboard in Resources */ = {isa = PBXBuildFile; fileRef = 7A7B7047274384D100CF9A97 /* LaunchScreen.storyboard */; };
		7A7B7054274384D100CF9A97 /* Nasser_aseeriLab21_SimpleHungerStationAppTests.swift in Sources */ = {isa = PBXBuildFile; fileRef = 7A7B7053274384D100CF9A97 /* Nasser_aseeriLab21_SimpleHungerStationAppTests.swift */; };
		7A7B705E274384D100CF9A97 /* Nasser_aseeriLab21_SimpleHungerStationAppUITests.swift in Sources */ = {isa = PBXBuildFile; fileRef = 7A7B705D274384D100CF9A97 /* Nasser_aseeriLab21_SimpleHungerStationAppUITests.swift */; };
		7A7B7060274384D100CF9A97 /* Nasser_aseeriLab21_SimpleHungerStationAppUITestsLaunchTests.swift in Sources */ = {isa = PBXBuildFile; fileRef = 7A7B705F274384D100CF9A97 /* Nasser_aseeriLab21_SimpleHungerStationAppUITestsLaunchTests.swift */; };
		7A7B70702743856A00CF9A97 /* Menu.swift in Sources */ = {isa = PBXBuildFile; fileRef = 7A7B706F2743856A00CF9A97 /* Menu.swift */; };
		7A7B707227439D7D00CF9A97 /* TheRestaurant.swift in Sources */ = {isa = PBXBuildFile; fileRef = 7A7B707127439D7D00CF9A97 /* TheRestaurant.swift */; };
		7A7B707427439E7F00CF9A97 /* ResturantCell.swift in Sources */ = {isa = PBXBuildFile; fileRef = 7A7B707327439E7F00CF9A97 /* ResturantCell.swift */; };
		7A7B707627439F5C00CF9A97 /* Main.storyboard in Resources */ = {isa = PBXBuildFile; fileRef = 7A7B707527439F5C00CF9A97 /* Main.storyboard */; };
		7A7B70782744F5A900CF9A97 /* ResturantView.swift in Sources */ = {isa = PBXBuildFile; fileRef = 7A7B70772744F5A900CF9A97 /* ResturantView.swift */; };
		7A7B707A2744F77700CF9A97 /* MenuCell.swift in Sources */ = {isa = PBXBuildFile; fileRef = 7A7B70792744F77700CF9A97 /* MenuCell.swift */; };
/* End PBXBuildFile section */

/* Begin PBXContainerItemProxy section */
		7A7B7050274384D100CF9A97 /* PBXContainerItemProxy */ = {
			isa = PBXContainerItemProxy;
			containerPortal = 7A7B7031274384CF00CF9A97 /* Project object */;
			proxyType = 1;
			remoteGlobalIDString = 7A7B7038274384CF00CF9A97;
			remoteInfo = Nasser_aseeriLab21_SimpleHungerStationApp;
		};
		7A7B705A274384D100CF9A97 /* PBXContainerItemProxy */ = {
			isa = PBXContainerItemProxy;
			containerPortal = 7A7B7031274384CF00CF9A97 /* Project object */;
			proxyType = 1;
			remoteGlobalIDString = 7A7B7038274384CF00CF9A97;
			remoteInfo = Nasser_aseeriLab21_SimpleHungerStationApp;
		};
/* End PBXContainerItemProxy section */

/* Begin PBXFileReference section */
		7A7B7039274384CF00CF9A97 /* Nasser_aseeriLab21_SimpleHungerStationApp.app */ = {isa = PBXFileReference; explicitFileType = wrapper.application; includeInIndex = 0; path = Nasser_aseeriLab21_SimpleHungerStationApp.app; sourceTree = BUILT_PRODUCTS_DIR; };
		7A7B703C274384CF00CF9A97 /* AppDelegate.swift */ = {isa = PBXFileReference; lastKnownFileType = sourcecode.swift; path = AppDelegate.swift; sourceTree = "<group>"; };
		7A7B703E274384CF00CF9A97 /* SceneDelegate.swift */ = {isa = PBXFileReference; lastKnownFileType = sourcecode.swift; path = SceneDelegate.swift; sourceTree = "<group>"; };
		7A7B7040274384CF00CF9A97 /* ViewController.swift */ = {isa = PBXFileReference; lastKnownFileType = sourcecode.swift; path = ViewController.swift; sourceTree = "<group>"; };
		7A7B7045274384D100CF9A97 /* Assets.xcassets */ = {isa = PBXFileReference; lastKnownFileType = folder.assetcatalog; path = Assets.xcassets; sourceTree = "<group>"; };
		7A7B7048274384D100CF9A97 /* Base */ = {isa = PBXFileReference; lastKnownFileType = file.storyboard; name = Base; path = Base.lproj/LaunchScreen.storyboard; sourceTree = "<group>"; };
		7A7B704A274384D100CF9A97 /* Info.plist */ = {isa = PBXFileReference; lastKnownFileType = text.plist.xml; path = Info.plist; sourceTree = "<group>"; };
		7A7B704F274384D100CF9A97 /* Nasser_aseeriLab21_SimpleHungerStationAppTests.xctest */ = {isa = PBXFileReference; explicitFileType = wrapper.cfbundle; includeInIndex = 0; path = Nasser_aseeriLab21_SimpleHungerStationAppTests.xctest; sourceTree = BUILT_PRODUCTS_DIR; };
		7A7B7053274384D100CF9A97 /* Nasser_aseeriLab21_SimpleHungerStationAppTests.swift */ = {isa = PBXFileReference; lastKnownFileType = sourcecode.swift; path = Nasser_aseeriLab21_SimpleHungerStationAppTests.swift; sourceTree = "<group>"; };
		7A7B7059274384D100CF9A97 /* Nasser_aseeriLab21_SimpleHungerStationAppUITests.xctest */ = {isa = PBXFileReference; explicitFileType = wrapper.cfbundle; includeInIndex = 0; path = Nasser_aseeriLab21_SimpleHungerStationAppUITests.xctest; sourceTree = BUILT_PRODUCTS_DIR; };
		7A7B705D274384D100CF9A97 /* Nasser_aseeriLab21_SimpleHungerStationAppUITests.swift */ = {isa = PBXFileReference; lastKnownFileType = sourcecode.swift; path = Nasser_aseeriLab21_SimpleHungerStationAppUITests.swift; sourceTree = "<group>"; };
		7A7B705F274384D100CF9A97 /* Nasser_aseeriLab21_SimpleHungerStationAppUITestsLaunchTests.swift */ = {isa = PBXFileReference; lastKnownFileType = sourcecode.swift; path = Nasser_aseeriLab21_SimpleHungerStationAppUITestsLaunchTests.swift; sourceTree = "<group>"; };
		7A7B706F2743856A00CF9A97 /* Menu.swift */ = {isa = PBXFileReference; lastKnownFileType = sourcecode.swift; path = Menu.swift; sourceTree = "<group>"; };
		7A7B707127439D7D00CF9A97 /* TheRestaurant.swift */ = {isa = PBXFileReference; lastKnownFileType = sourcecode.swift; path = TheRestaurant.swift; sourceTree = "<group>"; };
		7A7B707327439E7F00CF9A97 /* ResturantCell.swift */ = {isa = PBXFileReference; lastKnownFileType = sourcecode.swift; path = ResturantCell.swift; sourceTree = "<group>"; };
		7A7B707527439F5C00CF9A97 /* Main.storyboard */ = {isa = PBXFileReference; fileEncoding = 4; lastKnownFileType = file.storyboard; path = Main.storyboard; sourceTree = "<group>"; };
		7A7B70772744F5A900CF9A97 /* ResturantView.swift */ = {isa = PBXFileReference; lastKnownFileType = sourcecode.swift; path = ResturantView.swift; sourceTree = "<group>"; };
		7A7B70792744F77700CF9A97 /* MenuCell.swift */ = {isa = PBXFileReference; lastKnownFileType = sourcecode.swift; path = MenuCell.swift; sourceTree = "<group>"; };
/* End PBXFileReference section */

/* Begin PBXFrameworksBuildPhase section */
		7A7B7036274384CF00CF9A97 /* Frameworks */ = {
			isa = PBXFrameworksBuildPhase;
			buildActionMask = 2147483647;
			files = (
			);
			runOnlyForDeploymentPostprocessing = 0;
		};
		7A7B704C274384D100CF9A97 /* Frameworks */ = {
			isa = PBXFrameworksBuildPhase;
			buildActionMask = 2147483647;
			files = (
			);
			runOnlyForDeploymentPostprocessing = 0;
		};
		7A7B7056274384D100CF9A97 /* Frameworks */ = {
			isa = PBXFrameworksBuildPhase;
			buildActionMask = 2147483647;
			files = (
			);
			runOnlyForDeploymentPostprocessing = 0;
		};
/* End PBXFrameworksBuildPhase section */

/* Begin PBXGroup section */
		7A7B7030274384CF00CF9A97 = {
			isa = PBXGroup;
			children = (
				7A7B703B274384CF00CF9A97 /* Nasser_aseeriLab21_SimpleHungerStationApp */,
				7A7B7052274384D100CF9A97 /* Nasser_aseeriLab21_SimpleHungerStationAppTests */,
				7A7B705C274384D100CF9A97 /* Nasser_aseeriLab21_SimpleHungerStationAppUITests */,
				7A7B703A274384CF00CF9A97 /* Products */,
			);
			sourceTree = "<group>";
		};
		7A7B703A274384CF00CF9A97 /* Products */ = {
			isa = PBXGroup;
			children = (
				7A7B7039274384CF00CF9A97 /* Nasser_aseeriLab21_SimpleHungerStationApp.app */,
				7A7B704F274384D100CF9A97 /* Nasser_aseeriLab21_SimpleHungerStationAppTests.xctest */,
				7A7B7059274384D100CF9A97 /* Nasser_aseeriLab21_SimpleHungerStationAppUITests.xctest */,
			);
			name = Products;
			sourceTree = "<group>";
		};
		7A7B703B274384CF00CF9A97 /* Nasser_aseeriLab21_SimpleHungerStationApp */ = {
			isa = PBXGroup;
			children = (
				7A7B706E2743850600CF9A97 /* Controller */,
				7A7B706D274384F300CF9A97 /* View */,
				7A7B706C274384DE00CF9A97 /* Model */,
				7A7B7047274384D100CF9A97 /* LaunchScreen.storyboard */,
				7A7B703C274384CF00CF9A97 /* AppDelegate.swift */,
				7A7B703E274384CF00CF9A97 /* SceneDelegate.swift */,
				7A7B704A274384D100CF9A97 /* Info.plist */,
			);
			path = Nasser_aseeriLab21_SimpleHungerStationApp;
			sourceTree = "<group>";
		};
		7A7B7052274384D100CF9A97 /* Nasser_aseeriLab21_SimpleHungerStationAppTests */ = {
			isa = PBXGroup;
			children = (
				7A7B7053274384D100CF9A97 /* Nasser_aseeriLab21_SimpleHungerStationAppTests.swift */,
			);
			path = Nasser_aseeriLab21_SimpleHungerStationAppTests;
			sourceTree = "<group>";
		};
		7A7B705C274384D100CF9A97 /* Nasser_aseeriLab21_SimpleHungerStationAppUITests */ = {
			isa = PBXGroup;
			children = (
				7A7B705D274384D100CF9A97 /* Nasser_aseeriLab21_SimpleHungerStationAppUITests.swift */,
				7A7B705F274384D100CF9A97 /* Nasser_aseeriLab21_SimpleHungerStationAppUITestsLaunchTests.swift */,
			);
			path = Nasser_aseeriLab21_SimpleHungerStationAppUITests;
			sourceTree = "<group>";
		};
		7A7B706C274384DE00CF9A97 /* Model */ = {
			isa = PBXGroup;
			children = (
				7A7B706F2743856A00CF9A97 /* Menu.swift */,
				7A7B707127439D7D00CF9A97 /* TheRestaurant.swift */,
				7A7B707327439E7F00CF9A97 /* ResturantCell.swift */,
				7A7B70792744F77700CF9A97 /* MenuCell.swift */,
			);
			path = Model;
			sourceTree = "<group>";
		};
		7A7B706D274384F300CF9A97 /* View */ = {
			isa = PBXGroup;
			children = (
				7A7B707527439F5C00CF9A97 /* Main.storyboard */,
				7A7B7045274384D100CF9A97 /* Assets.xcassets */,
			);
			path = View;
			sourceTree = "<group>";
		};
		7A7B706E2743850600CF9A97 /* Controller */ = {
			isa = PBXGroup;
			children = (
				7A7B7040274384CF00CF9A97 /* ViewController.swift */,
				7A7B70772744F5A900CF9A97 /* ResturantView.swift */,
			);
			path = Controller;
			sourceTree = "<group>";
		};
/* End PBXGroup section */

/* Begin PBXNativeTarget section */
		7A7B7038274384CF00CF9A97 /* Nasser_aseeriLab21_SimpleHungerStationApp */ = {
			isa = PBXNativeTarget;
			buildConfigurationList = 7A7B7063274384D100CF9A97 /* Build configuration list for PBXNativeTarget "Nasser_aseeriLab21_SimpleHungerStationApp" */;
			buildPhases = (
				7A7B7035274384CF00CF9A97 /* Sources */,
				7A7B7036274384CF00CF9A97 /* Frameworks */,
				7A7B7037274384CF00CF9A97 /* Resources */,
			);
			buildRules = (
			);
			dependencies = (
			);
			name = Nasser_aseeriLab21_SimpleHungerStationApp;
			productName = Nasser_aseeriLab21_SimpleHungerStationApp;
			productReference = 7A7B7039274384CF00CF9A97 /* Nasser_aseeriLab21_SimpleHungerStationApp.app */;
			productType = "com.apple.product-type.application";
		};
		7A7B704E274384D100CF9A97 /* Nasser_aseeriLab21_SimpleHungerStationAppTests */ = {
			isa = PBXNativeTarget;
			buildConfigurationList = 7A7B7066274384D100CF9A97 /* Build configuration list for PBXNativeTarget "Nasser_aseeriLab21_SimpleHungerStationAppTests" */;
			buildPhases = (
				7A7B704B274384D100CF9A97 /* Sources */,
				7A7B704C274384D100CF9A97 /* Frameworks */,
				7A7B704D274384D100CF9A97 /* Resources */,
			);
			buildRules = (
			);
			dependencies = (
				7A7B7051274384D100CF9A97 /* PBXTargetDependency */,
			);
			name = Nasser_aseeriLab21_SimpleHungerStationAppTests;
			productName = Nasser_aseeriLab21_SimpleHungerStationAppTests;
			productReference = 7A7B704F274384D100CF9A97 /* Nasser_aseeriLab21_SimpleHungerStationAppTests.xctest */;
			productType = "com.apple.product-type.bundle.unit-test";
		};
		7A7B7058274384D100CF9A97 /* Nasser_aseeriLab21_SimpleHungerStationAppUITests */ = {
			isa = PBXNativeTarget;
			buildConfigurationList = 7A7B7069274384D100CF9A97 /* Build configuration list for PBXNativeTarget "Nasser_aseeriLab21_SimpleHungerStationAppUITests" */;
			buildPhases = (
				7A7B7055274384D100CF9A97 /* Sources */,
				7A7B7056274384D100CF9A97 /* Frameworks */,
				7A7B7057274384D100CF9A97 /* Resources */,
			);
			buildRules = (
			);
			dependencies = (
				7A7B705B274384D100CF9A97 /* PBXTargetDependency */,
			);
			name = Nasser_aseeriLab21_SimpleHungerStationAppUITests;
			productName = Nasser_aseeriLab21_SimpleHungerStationAppUITests;
			productReference = 7A7B7059274384D100CF9A97 /* Nasser_aseeriLab21_SimpleHungerStationAppUITests.xctest */;
			productType = "com.apple.product-type.bundle.ui-testing";
		};
/* End PBXNativeTarget section */

/* Begin PBXProject section */
		7A7B7031274384CF00CF9A97 /* Project object */ = {
			isa = PBXProject;
			attributes = {
				BuildIndependentTargetsInParallel = 1;
				LastSwiftUpdateCheck = 1310;
				LastUpgradeCheck = 1310;
				TargetAttributes = {
					7A7B7038274384CF00CF9A97 = {
						CreatedOnToolsVersion = 13.1;
					};
					7A7B704E274384D100CF9A97 = {
						CreatedOnToolsVersion = 13.1;
						TestTargetID = 7A7B7038274384CF00CF9A97;
					};
					7A7B7058274384D100CF9A97 = {
						CreatedOnToolsVersion = 13.1;
						TestTargetID = 7A7B7038274384CF00CF9A97;
					};
				};
			};
			buildConfigurationList = 7A7B7034274384CF00CF9A97 /* Build configuration list for PBXProject "Nasser_aseeriLab21_SimpleHungerStationApp" */;
			compatibilityVersion = "Xcode 13.0";
			developmentRegion = en;
			hasScannedForEncodings = 0;
			knownRegions = (
				en,
				Base,
			);
			mainGroup = 7A7B7030274384CF00CF9A97;
			productRefGroup = 7A7B703A274384CF00CF9A97 /* Products */;
			projectDirPath = "";
			projectRoot = "";
			targets = (
				7A7B7038274384CF00CF9A97 /* Nasser_aseeriLab21_SimpleHungerStationApp */,
				7A7B704E274384D100CF9A97 /* Nasser_aseeriLab21_SimpleHungerStationAppTests */,
				7A7B7058274384D100CF9A97 /* Nasser_aseeriLab21_SimpleHungerStationAppUITests */,
			);
		};
/* End PBXProject section */

/* Begin PBXResourcesBuildPhase section */
		7A7B7037274384CF00CF9A97 /* Resources */ = {
			isa = PBXResourcesBuildPhase;
			buildActionMask = 2147483647;
			files = (
				7A7B7049274384D100CF9A97 /* LaunchScreen.storyboard in Resources */,
				7A7B7046274384D100CF9A97 /* Assets.xcassets in Resources */,
				7A7B707627439F5C00CF9A97 /* Main.storyboard in Resources */,
			);
			runOnlyForDeploymentPostprocessing = 0;
		};
		7A7B704D274384D100CF9A97 /* Resources */ = {
			isa = PBXResourcesBuildPhase;
			buildActionMask = 2147483647;
			files = (
			);
			runOnlyForDeploymentPostprocessing = 0;
		};
		7A7B7057274384D100CF9A97 /* Resources */ = {
			isa = PBXResourcesBuildPhase;
			buildActionMask = 2147483647;
			files = (
			);
			runOnlyForDeploymentPostprocessing = 0;
		};
/* End PBXResourcesBuildPhase section */

/* Begin PBXSourcesBuildPhase section */
		7A7B7035274384CF00CF9A97 /* Sources */ = {
			isa = PBXSourcesBuildPhase;
			buildActionMask = 2147483647;
			files = (
				7A7B7041274384CF00CF9A97 /* ViewController.swift in Sources */,
				7A7B70782744F5A900CF9A97 /* ResturantView.swift in Sources */,
				7A7B703D274384CF00CF9A97 /* AppDelegate.swift in Sources */,
				7A7B707427439E7F00CF9A97 /* ResturantCell.swift in Sources */,
				7A7B707227439D7D00CF9A97 /* TheRestaurant.swift in Sources */,
				7A7B703F274384CF00CF9A97 /* SceneDelegate.swift in Sources */,
				7A7B707A2744F77700CF9A97 /* MenuCell.swift in Sources */,
				7A7B70702743856A00CF9A97 /* Menu.swift in Sources */,
			);
			runOnlyForDeploymentPostprocessing = 0;
		};
		7A7B704B274384D100CF9A97 /* Sources */ = {
			isa = PBXSourcesBuildPhase;
			buildActionMask = 2147483647;
			files = (
				7A7B7054274384D100CF9A97 /* Nasser_aseeriLab21_SimpleHungerStationAppTests.swift in Sources */,
			);
			runOnlyForDeploymentPostprocessing = 0;
		};
		7A7B7055274384D100CF9A97 /* Sources */ = {
			isa = PBXSourcesBuildPhase;
			buildActionMask = 2147483647;
			files = (
				7A7B7060274384D100CF9A97 /* Nasser_aseeriLab21_SimpleHungerStationAppUITestsLaunchTests.swift in Sources */,
				7A7B705E274384D100CF9A97 /* Nasser_aseeriLab21_SimpleHungerStationAppUITests.swift in Sources */,
			);
			runOnlyForDeploymentPostprocessing = 0;
		};
/* End PBXSourcesBuildPhase section */

/* Begin PBXTargetDependency section */
		7A7B7051274384D100CF9A97 /* PBXTargetDependency */ = {
			isa = PBXTargetDependency;
			target = 7A7B7038274384CF00CF9A97 /* Nasser_aseeriLab21_SimpleHungerStationApp */;
			targetProxy = 7A7B7050274384D100CF9A97 /* PBXContainerItemProxy */;
		};
		7A7B705B274384D100CF9A97 /* PBXTargetDependency */ = {
			isa = PBXTargetDependency;
			target = 7A7B7038274384CF00CF9A97 /* Nasser_aseeriLab21_SimpleHungerStationApp */;
			targetProxy = 7A7B705A274384D100CF9A97 /* PBXContainerItemProxy */;
		};
/* End PBXTargetDependency section */

/* Begin PBXVariantGroup section */
		7A7B7047274384D100CF9A97 /* LaunchScreen.storyboard */ = {
			isa = PBXVariantGroup;
			children = (
				7A7B7048274384D100CF9A97 /* Base */,
			);
			name = LaunchScreen.storyboard;
			sourceTree = "<group>";
		};
/* End PBXVariantGroup section */

/* Begin XCBuildConfiguration section */
		7A7B7061274384D100CF9A97 /* Debug */ = {
			isa = XCBuildConfiguration;
			buildSettings = {
				ALWAYS_SEARCH_USER_PATHS = NO;
				CLANG_ANALYZER_NONNULL = YES;
				CLANG_ANALYZER_NUMBER_OBJECT_CONVERSION = YES_AGGRESSIVE;
				CLANG_CXX_LANGUAGE_STANDARD = "gnu++17";
				CLANG_CXX_LIBRARY = "libc++";
				CLANG_ENABLE_MODULES = YES;
				CLANG_ENABLE_OBJC_ARC = YES;
				CLANG_ENABLE_OBJC_WEAK = YES;
				CLANG_WARN_BLOCK_CAPTURE_AUTORELEASING = YES;
				CLANG_WARN_BOOL_CONVERSION = YES;
				CLANG_WARN_COMMA = YES;
				CLANG_WARN_CONSTANT_CONVERSION = YES;
				CLANG_WARN_DEPRECATED_OBJC_IMPLEMENTATIONS = YES;
				CLANG_WARN_DIRECT_OBJC_ISA_USAGE = YES_ERROR;
				CLANG_WARN_DOCUMENTATION_COMMENTS = YES;
				CLANG_WARN_EMPTY_BODY = YES;
				CLANG_WARN_ENUM_CONVERSION = YES;
				CLANG_WARN_INFINITE_RECURSION = YES;
				CLANG_WARN_INT_CONVERSION = YES;
				CLANG_WARN_NON_LITERAL_NULL_CONVERSION = YES;
				CLANG_WARN_OBJC_IMPLICIT_RETAIN_SELF = YES;
				CLANG_WARN_OBJC_LITERAL_CONVERSION = YES;
				CLANG_WARN_OBJC_ROOT_CLASS = YES_ERROR;
				CLANG_WARN_QUOTED_INCLUDE_IN_FRAMEWORK_HEADER = YES;
				CLANG_WARN_RANGE_LOOP_ANALYSIS = YES;
				CLANG_WARN_STRICT_PROTOTYPES = YES;
				CLANG_WARN_SUSPICIOUS_MOVE = YES;
				CLANG_WARN_UNGUARDED_AVAILABILITY = YES_AGGRESSIVE;
				CLANG_WARN_UNREACHABLE_CODE = YES;
				CLANG_WARN__DUPLICATE_METHOD_MATCH = YES;
				COPY_PHASE_STRIP = NO;
				DEBUG_INFORMATION_FORMAT = dwarf;
				ENABLE_STRICT_OBJC_MSGSEND = YES;
				ENABLE_TESTABILITY = YES;
				GCC_C_LANGUAGE_STANDARD = gnu11;
				GCC_DYNAMIC_NO_PIC = NO;
				GCC_NO_COMMON_BLOCKS = YES;
				GCC_OPTIMIZATION_LEVEL = 0;
				GCC_PREPROCESSOR_DEFINITIONS = (
					"DEBUG=1",
					"$(inherited)",
				);
				GCC_WARN_64_TO_32_BIT_CONVERSION = YES;
				GCC_WARN_ABOUT_RETURN_TYPE = YES_ERROR;
				GCC_WARN_UNDECLARED_SELECTOR = YES;
				GCC_WARN_UNINITIALIZED_AUTOS = YES_AGGRESSIVE;
				GCC_WARN_UNUSED_FUNCTION = YES;
				GCC_WARN_UNUSED_VARIABLE = YES;
				IPHONEOS_DEPLOYMENT_TARGET = 15.0;
				MTL_ENABLE_DEBUG_INFO = INCLUDE_SOURCE;
				MTL_FAST_MATH = YES;
				ONLY_ACTIVE_ARCH = YES;
				SDKROOT = iphoneos;
				SWIFT_ACTIVE_COMPILATION_CONDITIONS = DEBUG;
				SWIFT_OPTIMIZATION_LEVEL = "-Onone";
			};
			name = Debug;
		};
		7A7B7062274384D100CF9A97 /* Release */ = {
			isa = XCBuildConfiguration;
			buildSettings = {
				ALWAYS_SEARCH_USER_PATHS = NO;
				CLANG_ANALYZER_NONNULL = YES;
				CLANG_ANALYZER_NUMBER_OBJECT_CONVERSION = YES_AGGRESSIVE;
				CLANG_CXX_LANGUAGE_STANDARD = "gnu++17";
				CLANG_CXX_LIBRARY = "libc++";
				CLANG_ENABLE_MODULES = YES;
				CLANG_ENABLE_OBJC_ARC = YES;
				CLANG_ENABLE_OBJC_WEAK = YES;
				CLANG_WARN_BLOCK_CAPTURE_AUTORELEASING = YES;
				CLANG_WARN_BOOL_CONVERSION = YES;
				CLANG_WARN_COMMA = YES;
				CLANG_WARN_CONSTANT_CONVERSION = YES;
				CLANG_WARN_DEPRECATED_OBJC_IMPLEMENTATIONS = YES;
				CLANG_WARN_DIRECT_OBJC_ISA_USAGE = YES_ERROR;
				CLANG_WARN_DOCUMENTATION_COMMENTS = YES;
				CLANG_WARN_EMPTY_BODY = YES;
				CLANG_WARN_ENUM_CONVERSION = YES;
				CLANG_WARN_INFINITE_RECURSION = YES;
				CLANG_WARN_INT_CONVERSION = YES;
				CLANG_WARN_NON_LITERAL_NULL_CONVERSION = YES;
				CLANG_WARN_OBJC_IMPLICIT_RETAIN_SELF = YES;
				CLANG_WARN_OBJC_LITERAL_CONVERSION = YES;
				CLANG_WARN_OBJC_ROOT_CLASS = YES_ERROR;
				CLANG_WARN_QUOTED_INCLUDE_IN_FRAMEWORK_HEADER = YES;
				CLANG_WARN_RANGE_LOOP_ANALYSIS = YES;
				CLANG_WARN_STRICT_PROTOTYPES = YES;
				CLANG_WARN_SUSPICIOUS_MOVE = YES;
				CLANG_WARN_UNGUARDED_AVAILABILITY = YES_AGGRESSIVE;
				CLANG_WARN_UNREACHABLE_CODE = YES;
				CLANG_WARN__DUPLICATE_METHOD_MATCH = YES;
				COPY_PHASE_STRIP = NO;
				DEBUG_INFORMATION_FORMAT = "dwarf-with-dsym";
				ENABLE_NS_ASSERTIONS = NO;
				ENABLE_STRICT_OBJC_MSGSEND = YES;
				GCC_C_LANGUAGE_STANDARD = gnu11;
				GCC_NO_COMMON_BLOCKS = YES;
				GCC_WARN_64_TO_32_BIT_CONVERSION = YES;
				GCC_WARN_ABOUT_RETURN_TYPE = YES_ERROR;
				GCC_WARN_UNDECLARED_SELECTOR = YES;
				GCC_WARN_UNINITIALIZED_AUTOS = YES_AGGRESSIVE;
				GCC_WARN_UNUSED_FUNCTION = YES;
				GCC_WARN_UNUSED_VARIABLE = YES;
				IPHONEOS_DEPLOYMENT_TARGET = 15.0;
				MTL_ENABLE_DEBUG_INFO = NO;
				MTL_FAST_MATH = YES;
				SDKROOT = iphoneos;
				SWIFT_COMPILATION_MODE = wholemodule;
				SWIFT_OPTIMIZATION_LEVEL = "-O";
				VALIDATE_PRODUCT = YES;
			};
			name = Release;
		};
		7A7B7064274384D100CF9A97 /* Debug */ = {
			isa = XCBuildConfiguration;
			buildSettings = {
				ASSETCATALOG_COMPILER_APPICON_NAME = AppIcon;
				ASSETCATALOG_COMPILER_GLOBAL_ACCENT_COLOR_NAME = AccentColor;
				CODE_SIGN_STYLE = Automatic;
				CURRENT_PROJECT_VERSION = 1;
				DEVELOPMENT_TEAM = NR83J734B6;
				GENERATE_INFOPLIST_FILE = YES;
				INFOPLIST_FILE = Nasser_aseeriLab21_SimpleHungerStationApp/Info.plist;
				INFOPLIST_KEY_UIApplicationSupportsIndirectInputEvents = YES;
				INFOPLIST_KEY_UILaunchStoryboardName = LaunchScreen;
				INFOPLIST_KEY_UIMainStoryboardFile = Main;
				INFOPLIST_KEY_UISupportedInterfaceOrientations_iPad = "UIInterfaceOrientationPortrait UIInterfaceOrientationPortraitUpsideDown UIInterfaceOrientationLandscapeLeft UIInterfaceOrientationLandscapeRight";
				INFOPLIST_KEY_UISupportedInterfaceOrientations_iPhone = "UIInterfaceOrientationPortrait UIInterfaceOrientationLandscapeLeft UIInterfaceOrientationLandscapeRight";
				LD_RUNPATH_SEARCH_PATHS = (
					"$(inherited)",
					"@executable_path/Frameworks",
				);
				MARKETING_VERSION = 1.0;
				PRODUCT_BUNDLE_IDENTIFIER = "n.aseeri.Nasser-aseeriLab21-SimpleHungerStationApp";
				PRODUCT_NAME = "$(TARGET_NAME)";
				SWIFT_EMIT_LOC_STRINGS = YES;
				SWIFT_VERSION = 5.0;
				TARGETED_DEVICE_FAMILY = "1,2";
			};
			name = Debug;
		};
		7A7B7065274384D100CF9A97 /* Release */ = {
			isa = XCBuildConfiguration;
			buildSettings = {
				ASSETCATALOG_COMPILER_APPICON_NAME = AppIcon;
				ASSETCATALOG_COMPILER_GLOBAL_ACCENT_COLOR_NAME = AccentColor;
				CODE_SIGN_STYLE = Automatic;
				CURRENT_PROJECT_VERSION = 1;
				DEVELOPMENT_TEAM = NR83J734B6;
				GENERATE_INFOPLIST_FILE = YES;
				INFOPLIST_FILE = Nasser_aseeriLab21_SimpleHungerStationApp/Info.plist;
				INFOPLIST_KEY_UIApplicationSupportsIndirectInputEvents = YES;
				INFOPLIST_KEY_UILaunchStoryboardName = LaunchScreen;
				INFOPLIST_KEY_UIMainStoryboardFile = Main;
				INFOPLIST_KEY_UISupportedInterfaceOrientations_iPad = "UIInterfaceOrientationPortrait UIInterfaceOrientationPortraitUpsideDown UIInterfaceOrientationLandscapeLeft UIInterfaceOrientationLandscapeRight";
				INFOPLIST_KEY_UISupportedInterfaceOrientations_iPhone = "UIInterfaceOrientationPortrait UIInterfaceOrientationLandscapeLeft UIInterfaceOrientationLandscapeRight";
				LD_RUNPATH_SEARCH_PATHS = (
					"$(inherited)",
					"@executable_path/Frameworks",
				);
				MARKETING_VERSION = 1.0;
				PRODUCT_BUNDLE_IDENTIFIER = "n.aseeri.Nasser-aseeriLab21-SimpleHungerStationApp";
				PRODUCT_NAME = "$(TARGET_NAME)";
				SWIFT_EMIT_LOC_STRINGS = YES;
				SWIFT_VERSION = 5.0;
				TARGETED_DEVICE_FAMILY = "1,2";
			};
			name = Release;
		};
		7A7B7067274384D100CF9A97 /* Debug */ = {
			isa = XCBuildConfiguration;
			buildSettings = {
				ALWAYS_EMBED_SWIFT_STANDARD_LIBRARIES = YES;
				BUNDLE_LOADER = "$(TEST_HOST)";
				CODE_SIGN_STYLE = Automatic;
				CURRENT_PROJECT_VERSION = 1;
				DEVELOPMENT_TEAM = NR83J734B6;
				GENERATE_INFOPLIST_FILE = YES;
				IPHONEOS_DEPLOYMENT_TARGET = 15.0;
				LD_RUNPATH_SEARCH_PATHS = (
					"$(inherited)",
					"@executable_path/Frameworks",
					"@loader_path/Frameworks",
				);
				MARKETING_VERSION = 1.0;
				PRODUCT_BUNDLE_IDENTIFIER = "n.aseeri.Nasser-aseeriLab21-SimpleHungerStationAppTests";
				PRODUCT_NAME = "$(TARGET_NAME)";
				SWIFT_EMIT_LOC_STRINGS = NO;
				SWIFT_VERSION = 5.0;
				TARGETED_DEVICE_FAMILY = "1,2";
				TEST_HOST = "$(BUILT_PRODUCTS_DIR)/Nasser_aseeriLab21_SimpleHungerStationApp.app/Nasser_aseeriLab21_SimpleHungerStationApp";
			};
			name = Debug;
		};
		7A7B7068274384D100CF9A97 /* Release */ = {
			isa = XCBuildConfiguration;
			buildSettings = {
				ALWAYS_EMBED_SWIFT_STANDARD_LIBRARIES = YES;
				BUNDLE_LOADER = "$(TEST_HOST)";
				CODE_SIGN_STYLE = Automatic;
				CURRENT_PROJECT_VERSION = 1;
				DEVELOPMENT_TEAM = NR83J734B6;
				GENERATE_INFOPLIST_FILE = YES;
				IPHONEOS_DEPLOYMENT_TARGET = 15.0;
				LD_RUNPATH_SEARCH_PATHS = (
					"$(inherited)",
					"@executable_path/Frameworks",
					"@loader_path/Frameworks",
				);
				MARKETING_VERSION = 1.0;
				PRODUCT_BUNDLE_IDENTIFIER = "n.aseeri.Nasser-aseeriLab21-SimpleHungerStationAppTests";
				PRODUCT_NAME = "$(TARGET_NAME)";
				SWIFT_EMIT_LOC_STRINGS = NO;
				SWIFT_VERSION = 5.0;
				TARGETED_DEVICE_FAMILY = "1,2";
				TEST_HOST = "$(BUILT_PRODUCTS_DIR)/Nasser_aseeriLab21_SimpleHungerStationApp.app/Nasser_aseeriLab21_SimpleHungerStationApp";
			};
			name = Release;
		};
		7A7B706A274384D100CF9A97 /* Debug */ = {
			isa = XCBuildConfiguration;
			buildSettings = {
				ALWAYS_EMBED_SWIFT_STANDARD_LIBRARIES = YES;
				CODE_SIGN_STYLE = Automatic;
				CURRENT_PROJECT_VERSION = 1;
				DEVELOPMENT_TEAM = NR83J734B6;
				GENERATE_INFOPLIST_FILE = YES;
				LD_RUNPATH_SEARCH_PATHS = (
					"$(inherited)",
					"@executable_path/Frameworks",
					"@loader_path/Frameworks",
				);
				MARKETING_VERSION = 1.0;
				PRODUCT_BUNDLE_IDENTIFIER = "n.aseeri.Nasser-aseeriLab21-SimpleHungerStationAppUITests";
				PRODUCT_NAME = "$(TARGET_NAME)";
				SWIFT_EMIT_LOC_STRINGS = NO;
				SWIFT_VERSION = 5.0;
				TARGETED_DEVICE_FAMILY = "1,2";
				TEST_TARGET_NAME = Nasser_aseeriLab21_SimpleHungerStationApp;
			};
			name = Debug;
		};
		7A7B706B274384D100CF9A97 /* Release */ = {
			isa = XCBuildConfiguration;
			buildSettings = {
				ALWAYS_EMBED_SWIFT_STANDARD_LIBRARIES = YES;
				CODE_SIGN_STYLE = Automatic;
				CURRENT_PROJECT_VERSION = 1;
				DEVELOPMENT_TEAM = NR83J734B6;
				GENERATE_INFOPLIST_FILE = YES;
				LD_RUNPATH_SEARCH_PATHS = (
					"$(inherited)",
					"@executable_path/Frameworks",
					"@loader_path/Frameworks",
				);
				MARKETING_VERSION = 1.0;
				PRODUCT_BUNDLE_IDENTIFIER = "n.aseeri.Nasser-aseeriLab21-SimpleHungerStationAppUITests";
				PRODUCT_NAME = "$(TARGET_NAME)";
				SWIFT_EMIT_LOC_STRINGS = NO;
				SWIFT_VERSION = 5.0;
				TARGETED_DEVICE_FAMILY = "1,2";
				TEST_TARGET_NAME = Nasser_aseeriLab21_SimpleHungerStationApp;
			};
			name = Release;
		};
/* End XCBuildConfiguration section */

/* Begin XCConfigurationList section */
		7A7B7034274384CF00CF9A97 /* Build configuration list for PBXProject "Nasser_aseeriLab21_SimpleHungerStationApp" */ = {
			isa = XCConfigurationList;
			buildConfigurations = (
				7A7B7061274384D100CF9A97 /* Debug */,
				7A7B7062274384D100CF9A97 /* Release */,
			);
			defaultConfigurationIsVisible = 0;
			defaultConfigurationName = Release;
		};
		7A7B7063274384D100CF9A97 /* Build configuration list for PBXNativeTarget "Nasser_aseeriLab21_SimpleHungerStationApp" */ = {
			isa = XCConfigurationList;
			buildConfigurations = (
				7A7B7064274384D100CF9A97 /* Debug */,
				7A7B7065274384D100CF9A97 /* Release */,
			);
			defaultConfigurationIsVisible = 0;
			defaultConfigurationName = Release;
		};
		7A7B7066274384D100CF9A97 /* Build configuration list for PBXNativeTarget "Nasser_aseeriLab21_SimpleHungerStationAppTests" */ = {
			isa = XCConfigurationList;
			buildConfigurations = (
				7A7B7067274384D100CF9A97 /* Debug */,
				7A7B7068274384D100CF9A97 /* Release */,
			);
			defaultConfigurationIsVisible = 0;
			defaultConfigurationName = Release;
		};
		7A7B7069274384D100CF9A97 /* Build configuration list for PBXNativeTarget "Nasser_aseeriLab21_SimpleHungerStationAppUITests" */ = {
			isa = XCConfigurationList;
			buildConfigurations = (
				7A7B706A274384D100CF9A97 /* Debug */,
				7A7B706B274384D100CF9A97 /* Release */,
			);
			defaultConfigurationIsVisible = 0;
			defaultConfigurationName = Release;
		};
/* End XCConfigurationList section */
	};
	rootObject = 7A7B7031274384CF00CF9A97 /* Project object */;
}
