// !$*UTF8*$!
{
	archiveVersion = 1;
	classes = {
	};
	objectVersion = 55;
	objects = {

/* Begin PBXBuildFile section */
		116F269F274784E100AF13D3 /* AppDelegate.swift in Sources */ = {isa = PBXBuildFile; fileRef = 116F269E274784E100AF13D3 /* AppDelegate.swift */; };
		116F26A1274784E100AF13D3 /* SceneDelegate.swift in Sources */ = {isa = PBXBuildFile; fileRef = 116F26A0274784E100AF13D3 /* SceneDelegate.swift */; };
		116F26A3274784E100AF13D3 /* ViewController.swift in Sources */ = {isa = PBXBuildFile; fileRef = 116F26A2274784E100AF13D3 /* ViewController.swift */; };
		116F26A6274784E100AF13D3 /* Main.storyboard in Resources */ = {isa = PBXBuildFile; fileRef = 116F26A4274784E100AF13D3 /* Main.storyboard */; };
		116F26A8274784E200AF13D3 /* Assets.xcassets in Resources */ = {isa = PBXBuildFile; fileRef = 116F26A7274784E200AF13D3 /* Assets.xcassets */; };
		116F26AB274784E200AF13D3 /* LaunchScreen.storyboard in Resources */ = {isa = PBXBuildFile; fileRef = 116F26A9274784E200AF13D3 /* LaunchScreen.storyboard */; };
		116F26B6274784E200AF13D3 /* BushraBarakat_Lab21Tests.swift in Sources */ = {isa = PBXBuildFile; fileRef = 116F26B5274784E200AF13D3 /* BushraBarakat_Lab21Tests.swift */; };
		116F26C0274784E200AF13D3 /* BushraBarakat_Lab21UITests.swift in Sources */ = {isa = PBXBuildFile; fileRef = 116F26BF274784E200AF13D3 /* BushraBarakat_Lab21UITests.swift */; };
		116F26C2274784E200AF13D3 /* BushraBarakat_Lab21UITestsLaunchTests.swift in Sources */ = {isa = PBXBuildFile; fileRef = 116F26C1274784E200AF13D3 /* BushraBarakat_Lab21UITestsLaunchTests.swift */; };
		116F26CF274787F300AF13D3 /* CellViewController.swift in Sources */ = {isa = PBXBuildFile; fileRef = 116F26CE274787F300AF13D3 /* CellViewController.swift */; };
		116F26D427478C7F00AF13D3 /* ResturantModel.swift in Sources */ = {isa = PBXBuildFile; fileRef = 116F26D327478C7F00AF13D3 /* ResturantModel.swift */; };
		116F26D627478CC900AF13D3 /* ViewControllerTwo.swift in Sources */ = {isa = PBXBuildFile; fileRef = 116F26D527478CC900AF13D3 /* ViewControllerTwo.swift */; };
		11B88D3427660D5D00F10F3F /* MenuModel.swift in Sources */ = {isa = PBXBuildFile; fileRef = 11B88D3327660D5D00F10F3F /* MenuModel.swift */; };
		11B88D362767FD1500F10F3F /* ImageView.swift in Sources */ = {isa = PBXBuildFile; fileRef = 11B88D352767FD1500F10F3F /* ImageView.swift */; };
/* End PBXBuildFile section */

/* Begin PBXContainerItemProxy section */
		116F26B2274784E200AF13D3 /* PBXContainerItemProxy */ = {
			isa = PBXContainerItemProxy;
			containerPortal = 116F2693274784E100AF13D3 /* Project object */;
			proxyType = 1;
			remoteGlobalIDString = 116F269A274784E100AF13D3;
			remoteInfo = BushraBarakat_Lab21;
		};
		116F26BC274784E200AF13D3 /* PBXContainerItemProxy */ = {
			isa = PBXContainerItemProxy;
			containerPortal = 116F2693274784E100AF13D3 /* Project object */;
			proxyType = 1;
			remoteGlobalIDString = 116F269A274784E100AF13D3;
			remoteInfo = BushraBarakat_Lab21;
		};
/* End PBXContainerItemProxy section */

/* Begin PBXFileReference section */
		116F269B274784E100AF13D3 /* BushraBarakat_Lab21.app */ = {isa = PBXFileReference; explicitFileType = wrapper.application; includeInIndex = 0; path = BushraBarakat_Lab21.app; sourceTree = BUILT_PRODUCTS_DIR; };
		116F269E274784E100AF13D3 /* AppDelegate.swift */ = {isa = PBXFileReference; lastKnownFileType = sourcecode.swift; path = AppDelegate.swift; sourceTree = "<group>"; };
		116F26A0274784E100AF13D3 /* SceneDelegate.swift */ = {isa = PBXFileReference; lastKnownFileType = sourcecode.swift; path = SceneDelegate.swift; sourceTree = "<group>"; };
		116F26A2274784E100AF13D3 /* ViewController.swift */ = {isa = PBXFileReference; lastKnownFileType = sourcecode.swift; path = ViewController.swift; sourceTree = "<group>"; };
		116F26A5274784E100AF13D3 /* Base */ = {isa = PBXFileReference; lastKnownFileType = file.storyboard; name = Base; path = Base.lproj/Main.storyboard; sourceTree = "<group>"; };
		116F26A7274784E200AF13D3 /* Assets.xcassets */ = {isa = PBXFileReference; lastKnownFileType = folder.assetcatalog; path = Assets.xcassets; sourceTree = "<group>"; };
		116F26AA274784E200AF13D3 /* Base */ = {isa = PBXFileReference; lastKnownFileType = file.storyboard; name = Base; path = Base.lproj/LaunchScreen.storyboard; sourceTree = "<group>"; };
		116F26AC274784E200AF13D3 /* Info.plist */ = {isa = PBXFileReference; lastKnownFileType = text.plist.xml; path = Info.plist; sourceTree = "<group>"; };
		116F26B1274784E200AF13D3 /* BushraBarakat_Lab21Tests.xctest */ = {isa = PBXFileReference; explicitFileType = wrapper.cfbundle; includeInIndex = 0; path = BushraBarakat_Lab21Tests.xctest; sourceTree = BUILT_PRODUCTS_DIR; };
		116F26B5274784E200AF13D3 /* BushraBarakat_Lab21Tests.swift */ = {isa = PBXFileReference; lastKnownFileType = sourcecode.swift; path = BushraBarakat_Lab21Tests.swift; sourceTree = "<group>"; };
		116F26BB274784E200AF13D3 /* BushraBarakat_Lab21UITests.xctest */ = {isa = PBXFileReference; explicitFileType = wrapper.cfbundle; includeInIndex = 0; path = BushraBarakat_Lab21UITests.xctest; sourceTree = BUILT_PRODUCTS_DIR; };
		116F26BF274784E200AF13D3 /* BushraBarakat_Lab21UITests.swift */ = {isa = PBXFileReference; lastKnownFileType = sourcecode.swift; path = BushraBarakat_Lab21UITests.swift; sourceTree = "<group>"; };
		116F26C1274784E200AF13D3 /* BushraBarakat_Lab21UITestsLaunchTests.swift */ = {isa = PBXFileReference; lastKnownFileType = sourcecode.swift; path = BushraBarakat_Lab21UITestsLaunchTests.swift; sourceTree = "<group>"; };
		116F26CE274787F300AF13D3 /* CellViewController.swift */ = {isa = PBXFileReference; lastKnownFileType = sourcecode.swift; path = CellViewController.swift; sourceTree = "<group>"; };
		116F26D327478C7F00AF13D3 /* ResturantModel.swift */ = {isa = PBXFileReference; lastKnownFileType = sourcecode.swift; path = ResturantModel.swift; sourceTree = "<group>"; };
		116F26D527478CC900AF13D3 /* ViewControllerTwo.swift */ = {isa = PBXFileReference; lastKnownFileType = sourcecode.swift; path = ViewControllerTwo.swift; sourceTree = "<group>"; };
		11B88D3327660D5D00F10F3F /* MenuModel.swift */ = {isa = PBXFileReference; lastKnownFileType = sourcecode.swift; path = MenuModel.swift; sourceTree = "<group>"; };
		11B88D352767FD1500F10F3F /* ImageView.swift */ = {isa = PBXFileReference; lastKnownFileType = sourcecode.swift; path = ImageView.swift; sourceTree = "<group>"; };
/* End PBXFileReference section */

/* Begin PBXFrameworksBuildPhase section */
		116F2698274784E100AF13D3 /* Frameworks */ = {
			isa = PBXFrameworksBuildPhase;
			buildActionMask = 2147483647;
			files = (
			);
			runOnlyForDeploymentPostprocessing = 0;
		};
		116F26AE274784E200AF13D3 /* Frameworks */ = {
			isa = PBXFrameworksBuildPhase;
			buildActionMask = 2147483647;
			files = (
			);
			runOnlyForDeploymentPostprocessing = 0;
		};
		116F26B8274784E200AF13D3 /* Frameworks */ = {
			isa = PBXFrameworksBuildPhase;
			buildActionMask = 2147483647;
			files = (
			);
			runOnlyForDeploymentPostprocessing = 0;
		};
/* End PBXFrameworksBuildPhase section */

/* Begin PBXGroup section */
		116F2692274784E100AF13D3 = {
			isa = PBXGroup;
			children = (
				116F269D274784E100AF13D3 /* BushraBarakat_Lab21 */,
				116F26B4274784E200AF13D3 /* BushraBarakat_Lab21Tests */,
				116F26BE274784E200AF13D3 /* BushraBarakat_Lab21UITests */,
				116F269C274784E100AF13D3 /* Products */,
			);
			sourceTree = "<group>";
		};
		116F269C274784E100AF13D3 /* Products */ = {
			isa = PBXGroup;
			children = (
				116F269B274784E100AF13D3 /* BushraBarakat_Lab21.app */,
				116F26B1274784E200AF13D3 /* BushraBarakat_Lab21Tests.xctest */,
				116F26BB274784E200AF13D3 /* BushraBarakat_Lab21UITests.xctest */,
			);
			name = Products;
			sourceTree = "<group>";
		};
		116F269D274784E100AF13D3 /* BushraBarakat_Lab21 */ = {
			isa = PBXGroup;
			children = (
				116F269E274784E100AF13D3 /* AppDelegate.swift */,
				116F26A0274784E100AF13D3 /* SceneDelegate.swift */,
				11B88D352767FD1500F10F3F /* ImageView.swift */,
				116F26D027478BF000AF13D3 /* Model */,
				116F26D127478C0A00AF13D3 /* View */,
				116F26D227478C1400AF13D3 /* Controller */,
				116F26A9274784E200AF13D3 /* LaunchScreen.storyboard */,
				116F26A7274784E200AF13D3 /* Assets.xcassets */,
				116F26AC274784E200AF13D3 /* Info.plist */,
			);
			path = BushraBarakat_Lab21;
			sourceTree = "<group>";
		};
		116F26B4274784E200AF13D3 /* BushraBarakat_Lab21Tests */ = {
			isa = PBXGroup;
			children = (
				116F26B5274784E200AF13D3 /* BushraBarakat_Lab21Tests.swift */,
			);
			path = BushraBarakat_Lab21Tests;
			sourceTree = "<group>";
		};
		116F26BE274784E200AF13D3 /* BushraBarakat_Lab21UITests */ = {
			isa = PBXGroup;
			children = (
				116F26BF274784E200AF13D3 /* BushraBarakat_Lab21UITests.swift */,
				116F26C1274784E200AF13D3 /* BushraBarakat_Lab21UITestsLaunchTests.swift */,
			);
			path = BushraBarakat_Lab21UITests;
			sourceTree = "<group>";
		};
		116F26D027478BF000AF13D3 /* Model */ = {
			isa = PBXGroup;
			children = (
				116F26D327478C7F00AF13D3 /* ResturantModel.swift */,
				11B88D3327660D5D00F10F3F /* MenuModel.swift */,
			);
			path = Model;
			sourceTree = "<group>";
		};
		116F26D127478C0A00AF13D3 /* View */ = {
			isa = PBXGroup;
			children = (
				116F26A4274784E100AF13D3 /* Main.storyboard */,
				116F26CE274787F300AF13D3 /* CellViewController.swift */,
			);
			path = View;
			sourceTree = "<group>";
		};
		116F26D227478C1400AF13D3 /* Controller */ = {
			isa = PBXGroup;
			children = (
				116F26A2274784E100AF13D3 /* ViewController.swift */,
				116F26D527478CC900AF13D3 /* ViewControllerTwo.swift */,
			);
			path = Controller;
			sourceTree = "<group>";
		};
/* End PBXGroup section */

/* Begin PBXNativeTarget section */
		116F269A274784E100AF13D3 /* BushraBarakat_Lab21 */ = {
			isa = PBXNativeTarget;
			buildConfigurationList = 116F26C5274784E200AF13D3 /* Build configuration list for PBXNativeTarget "BushraBarakat_Lab21" */;
			buildPhases = (
				116F2697274784E100AF13D3 /* Sources */,
				116F2698274784E100AF13D3 /* Frameworks */,
				116F2699274784E100AF13D3 /* Resources */,
			);
			buildRules = (
			);
			dependencies = (
			);
			name = BushraBarakat_Lab21;
			productName = BushraBarakat_Lab21;
			productReference = 116F269B274784E100AF13D3 /* BushraBarakat_Lab21.app */;
			productType = "com.apple.product-type.application";
		};
		116F26B0274784E200AF13D3 /* BushraBarakat_Lab21Tests */ = {
			isa = PBXNativeTarget;
			buildConfigurationList = 116F26C8274784E200AF13D3 /* Build configuration list for PBXNativeTarget "BushraBarakat_Lab21Tests" */;
			buildPhases = (
				116F26AD274784E200AF13D3 /* Sources */,
				116F26AE274784E200AF13D3 /* Frameworks */,
				116F26AF274784E200AF13D3 /* Resources */,
			);
			buildRules = (
			);
			dependencies = (
				116F26B3274784E200AF13D3 /* PBXTargetDependency */,
			);
			name = BushraBarakat_Lab21Tests;
			productName = BushraBarakat_Lab21Tests;
			productReference = 116F26B1274784E200AF13D3 /* BushraBarakat_Lab21Tests.xctest */;
			productType = "com.apple.product-type.bundle.unit-test";
		};
		116F26BA274784E200AF13D3 /* BushraBarakat_Lab21UITests */ = {
			isa = PBXNativeTarget;
			buildConfigurationList = 116F26CB274784E200AF13D3 /* Build configuration list for PBXNativeTarget "BushraBarakat_Lab21UITests" */;
			buildPhases = (
				116F26B7274784E200AF13D3 /* Sources */,
				116F26B8274784E200AF13D3 /* Frameworks */,
				116F26B9274784E200AF13D3 /* Resources */,
			);
			buildRules = (
			);
			dependencies = (
				116F26BD274784E200AF13D3 /* PBXTargetDependency */,
			);
			name = BushraBarakat_Lab21UITests;
			productName = BushraBarakat_Lab21UITests;
			productReference = 116F26BB274784E200AF13D3 /* BushraBarakat_Lab21UITests.xctest */;
			productType = "com.apple.product-type.bundle.ui-testing";
		};
/* End PBXNativeTarget section */

/* Begin PBXProject section */
		116F2693274784E100AF13D3 /* Project object */ = {
			isa = PBXProject;
			attributes = {
				BuildIndependentTargetsInParallel = 1;
				LastSwiftUpdateCheck = 1300;
				LastUpgradeCheck = 1300;
				TargetAttributes = {
					116F269A274784E100AF13D3 = {
						CreatedOnToolsVersion = 13.0;
					};
					116F26B0274784E200AF13D3 = {
						CreatedOnToolsVersion = 13.0;
						TestTargetID = 116F269A274784E100AF13D3;
					};
					116F26BA274784E200AF13D3 = {
						CreatedOnToolsVersion = 13.0;
						TestTargetID = 116F269A274784E100AF13D3;
					};
				};
			};
			buildConfigurationList = 116F2696274784E100AF13D3 /* Build configuration list for PBXProject "BushraBarakat_Lab21" */;
			compatibilityVersion = "Xcode 13.0";
			developmentRegion = en;
			hasScannedForEncodings = 0;
			knownRegions = (
				en,
				Base,
			);
			mainGroup = 116F2692274784E100AF13D3;
			productRefGroup = 116F269C274784E100AF13D3 /* Products */;
			projectDirPath = "";
			projectRoot = "";
			targets = (
				116F269A274784E100AF13D3 /* BushraBarakat_Lab21 */,
				116F26B0274784E200AF13D3 /* BushraBarakat_Lab21Tests */,
				116F26BA274784E200AF13D3 /* BushraBarakat_Lab21UITests */,
			);
		};
/* End PBXProject section */

/* Begin PBXResourcesBuildPhase section */
		116F2699274784E100AF13D3 /* Resources */ = {
			isa = PBXResourcesBuildPhase;
			buildActionMask = 2147483647;
			files = (
				116F26AB274784E200AF13D3 /* LaunchScreen.storyboard in Resources */,
				116F26A8274784E200AF13D3 /* Assets.xcassets in Resources */,
				116F26A6274784E100AF13D3 /* Main.storyboard in Resources */,
			);
			runOnlyForDeploymentPostprocessing = 0;
		};
		116F26AF274784E200AF13D3 /* Resources */ = {
			isa = PBXResourcesBuildPhase;
			buildActionMask = 2147483647;
			files = (
			);
			runOnlyForDeploymentPostprocessing = 0;
		};
		116F26B9274784E200AF13D3 /* Resources */ = {
			isa = PBXResourcesBuildPhase;
			buildActionMask = 2147483647;
			files = (
			);
			runOnlyForDeploymentPostprocessing = 0;
		};
/* End PBXResourcesBuildPhase section */

/* Begin PBXSourcesBuildPhase section */
		116F2697274784E100AF13D3 /* Sources */ = {
			isa = PBXSourcesBuildPhase;
			buildActionMask = 2147483647;
			files = (
				11B88D362767FD1500F10F3F /* ImageView.swift in Sources */,
				116F26A3274784E100AF13D3 /* ViewController.swift in Sources */,
				116F269F274784E100AF13D3 /* AppDelegate.swift in Sources */,
				116F26D427478C7F00AF13D3 /* ResturantModel.swift in Sources */,
				11B88D3427660D5D00F10F3F /* MenuModel.swift in Sources */,
				116F26CF274787F300AF13D3 /* CellViewController.swift in Sources */,
				116F26A1274784E100AF13D3 /* SceneDelegate.swift in Sources */,
				116F26D627478CC900AF13D3 /* ViewControllerTwo.swift in Sources */,
			);
			runOnlyForDeploymentPostprocessing = 0;
		};
		116F26AD274784E200AF13D3 /* Sources */ = {
			isa = PBXSourcesBuildPhase;
			buildActionMask = 2147483647;
			files = (
				116F26B6274784E200AF13D3 /* BushraBarakat_Lab21Tests.swift in Sources */,
			);
			runOnlyForDeploymentPostprocessing = 0;
		};
		116F26B7274784E200AF13D3 /* Sources */ = {
			isa = PBXSourcesBuildPhase;
			buildActionMask = 2147483647;
			files = (
				116F26C0274784E200AF13D3 /* BushraBarakat_Lab21UITests.swift in Sources */,
				116F26C2274784E200AF13D3 /* BushraBarakat_Lab21UITestsLaunchTests.swift in Sources */,
			);
			runOnlyForDeploymentPostprocessing = 0;
		};
/* End PBXSourcesBuildPhase section */

/* Begin PBXTargetDependency section */
		116F26B3274784E200AF13D3 /* PBXTargetDependency */ = {
			isa = PBXTargetDependency;
			target = 116F269A274784E100AF13D3 /* BushraBarakat_Lab21 */;
			targetProxy = 116F26B2274784E200AF13D3 /* PBXContainerItemProxy */;
		};
		116F26BD274784E200AF13D3 /* PBXTargetDependency */ = {
			isa = PBXTargetDependency;
			target = 116F269A274784E100AF13D3 /* BushraBarakat_Lab21 */;
			targetProxy = 116F26BC274784E200AF13D3 /* PBXContainerItemProxy */;
		};
/* End PBXTargetDependency section */

/* Begin PBXVariantGroup section */
		116F26A4274784E100AF13D3 /* Main.storyboard */ = {
			isa = PBXVariantGroup;
			children = (
				116F26A5274784E100AF13D3 /* Base */,
			);
			name = Main.storyboard;
			sourceTree = "<group>";
		};
		116F26A9274784E200AF13D3 /* LaunchScreen.storyboard */ = {
			isa = PBXVariantGroup;
			children = (
				116F26AA274784E200AF13D3 /* Base */,
			);
			name = LaunchScreen.storyboard;
			sourceTree = "<group>";
		};
/* End PBXVariantGroup section */

/* Begin XCBuildConfiguration section */
		116F26C3274784E200AF13D3 /* Debug */ = {
			isa = XCBuildConfiguration;
			buildSettings = {
				ALWAYS_SEARCH_USER_PATHS = NO;
				CLANG_ANALYZER_NONNULL = YES;
				CLANG_ANALYZER_NUMBER_OBJECT_CONVERSION = YES_AGGRESSIVE;
				CLANG_CXX_LANGUAGE_STANDARD = "gnu++17";
				CLANG_CXX_LIBRARY = "libc++";
				CLANG_ENABLE_MODULES = YES;
				CLANG_ENABLE_OBJC_ARC = YES;
				CLANG_ENABLE_OBJC_WEAK = YES;
				CLANG_WARN_BLOCK_CAPTURE_AUTORELEASING = YES;
				CLANG_WARN_BOOL_CONVERSION = YES;
				CLANG_WARN_COMMA = YES;
				CLANG_WARN_CONSTANT_CONVERSION = YES;
				CLANG_WARN_DEPRECATED_OBJC_IMPLEMENTATIONS = YES;
				CLANG_WARN_DIRECT_OBJC_ISA_USAGE = YES_ERROR;
				CLANG_WARN_DOCUMENTATION_COMMENTS = YES;
				CLANG_WARN_EMPTY_BODY = YES;
				CLANG_WARN_ENUM_CONVERSION = YES;
				CLANG_WARN_INFINITE_RECURSION = YES;
				CLANG_WARN_INT_CONVERSION = YES;
				CLANG_WARN_NON_LITERAL_NULL_CONVERSION = YES;
				CLANG_WARN_OBJC_IMPLICIT_RETAIN_SELF = YES;
				CLANG_WARN_OBJC_LITERAL_CONVERSION = YES;
				CLANG_WARN_OBJC_ROOT_CLASS = YES_ERROR;
				CLANG_WARN_QUOTED_INCLUDE_IN_FRAMEWORK_HEADER = YES;
				CLANG_WARN_RANGE_LOOP_ANALYSIS = YES;
				CLANG_WARN_STRICT_PROTOTYPES = YES;
				CLANG_WARN_SUSPICIOUS_MOVE = YES;
				CLANG_WARN_UNGUARDED_AVAILABILITY = YES_AGGRESSIVE;
				CLANG_WARN_UNREACHABLE_CODE = YES;
				CLANG_WARN__DUPLICATE_METHOD_MATCH = YES;
				COPY_PHASE_STRIP = NO;
				DEBUG_INFORMATION_FORMAT = dwarf;
				ENABLE_STRICT_OBJC_MSGSEND = YES;
				ENABLE_TESTABILITY = YES;
				GCC_C_LANGUAGE_STANDARD = gnu11;
				GCC_DYNAMIC_NO_PIC = NO;
				GCC_NO_COMMON_BLOCKS = YES;
				GCC_OPTIMIZATION_LEVEL = 0;
				GCC_PREPROCESSOR_DEFINITIONS = (
					"DEBUG=1",
					"$(inherited)",
				);
				GCC_WARN_64_TO_32_BIT_CONVERSION = YES;
				GCC_WARN_ABOUT_RETURN_TYPE = YES_ERROR;
				GCC_WARN_UNDECLARED_SELECTOR = YES;
				GCC_WARN_UNINITIALIZED_AUTOS = YES_AGGRESSIVE;
				GCC_WARN_UNUSED_FUNCTION = YES;
				GCC_WARN_UNUSED_VARIABLE = YES;
				IPHONEOS_DEPLOYMENT_TARGET = 15.0;
				MTL_ENABLE_DEBUG_INFO = INCLUDE_SOURCE;
				MTL_FAST_MATH = YES;
				ONLY_ACTIVE_ARCH = YES;
				SDKROOT = iphoneos;
				SWIFT_ACTIVE_COMPILATION_CONDITIONS = DEBUG;
				SWIFT_OPTIMIZATION_LEVEL = "-Onone";
			};
			name = Debug;
		};
		116F26C4274784E200AF13D3 /* Release */ = {
			isa = XCBuildConfiguration;
			buildSettings = {
				ALWAYS_SEARCH_USER_PATHS = NO;
				CLANG_ANALYZER_NONNULL = YES;
				CLANG_ANALYZER_NUMBER_OBJECT_CONVERSION = YES_AGGRESSIVE;
				CLANG_CXX_LANGUAGE_STANDARD = "gnu++17";
				CLANG_CXX_LIBRARY = "libc++";
				CLANG_ENABLE_MODULES = YES;
				CLANG_ENABLE_OBJC_ARC = YES;
				CLANG_ENABLE_OBJC_WEAK = YES;
				CLANG_WARN_BLOCK_CAPTURE_AUTORELEASING = YES;
				CLANG_WARN_BOOL_CONVERSION = YES;
				CLANG_WARN_COMMA = YES;
				CLANG_WARN_CONSTANT_CONVERSION = YES;
				CLANG_WARN_DEPRECATED_OBJC_IMPLEMENTATIONS = YES;
				CLANG_WARN_DIRECT_OBJC_ISA_USAGE = YES_ERROR;
				CLANG_WARN_DOCUMENTATION_COMMENTS = YES;
				CLANG_WARN_EMPTY_BODY = YES;
				CLANG_WARN_ENUM_CONVERSION = YES;
				CLANG_WARN_INFINITE_RECURSION = YES;
				CLANG_WARN_INT_CONVERSION = YES;
				CLANG_WARN_NON_LITERAL_NULL_CONVERSION = YES;
				CLANG_WARN_OBJC_IMPLICIT_RETAIN_SELF = YES;
				CLANG_WARN_OBJC_LITERAL_CONVERSION = YES;
				CLANG_WARN_OBJC_ROOT_CLASS = YES_ERROR;
				CLANG_WARN_QUOTED_INCLUDE_IN_FRAMEWORK_HEADER = YES;
				CLANG_WARN_RANGE_LOOP_ANALYSIS = YES;
				CLANG_WARN_STRICT_PROTOTYPES = YES;
				CLANG_WARN_SUSPICIOUS_MOVE = YES;
				CLANG_WARN_UNGUARDED_AVAILABILITY = YES_AGGRESSIVE;
				CLANG_WARN_UNREACHABLE_CODE = YES;
				CLANG_WARN__DUPLICATE_METHOD_MATCH = YES;
				COPY_PHASE_STRIP = NO;
				DEBUG_INFORMATION_FORMAT = "dwarf-with-dsym";
				ENABLE_NS_ASSERTIONS = NO;
				ENABLE_STRICT_OBJC_MSGSEND = YES;
				GCC_C_LANGUAGE_STANDARD = gnu11;
				GCC_NO_COMMON_BLOCKS = YES;
				GCC_WARN_64_TO_32_BIT_CONVERSION = YES;
				GCC_WARN_ABOUT_RETURN_TYPE = YES_ERROR;
				GCC_WARN_UNDECLARED_SELECTOR = YES;
				GCC_WARN_UNINITIALIZED_AUTOS = YES_AGGRESSIVE;
				GCC_WARN_UNUSED_FUNCTION = YES;
				GCC_WARN_UNUSED_VARIABLE = YES;
				IPHONEOS_DEPLOYMENT_TARGET = 15.0;
				MTL_ENABLE_DEBUG_INFO = NO;
				MTL_FAST_MATH = YES;
				SDKROOT = iphoneos;
				SWIFT_COMPILATION_MODE = wholemodule;
				SWIFT_OPTIMIZATION_LEVEL = "-O";
				VALIDATE_PRODUCT = YES;
			};
			name = Release;
		};
		116F26C6274784E200AF13D3 /* Debug */ = {
			isa = XCBuildConfiguration;
			buildSettings = {
				ASSETCATALOG_COMPILER_APPICON_NAME = AppIcon;
				ASSETCATALOG_COMPILER_GLOBAL_ACCENT_COLOR_NAME = AccentColor;
				CODE_SIGN_STYLE = Automatic;
				CURRENT_PROJECT_VERSION = 1;
				DEVELOPMENT_TEAM = 34XVCMFU5G;
				GENERATE_INFOPLIST_FILE = YES;
				INFOPLIST_FILE = BushraBarakat_Lab21/Info.plist;
				INFOPLIST_KEY_UIApplicationSupportsIndirectInputEvents = YES;
				INFOPLIST_KEY_UILaunchStoryboardName = LaunchScreen;
				INFOPLIST_KEY_UIMainStoryboardFile = Main;
				INFOPLIST_KEY_UISupportedInterfaceOrientations_iPad = "UIInterfaceOrientationPortrait UIInterfaceOrientationPortraitUpsideDown UIInterfaceOrientationLandscapeLeft UIInterfaceOrientationLandscapeRight";
				INFOPLIST_KEY_UISupportedInterfaceOrientations_iPhone = "UIInterfaceOrientationPortrait UIInterfaceOrientationLandscapeLeft UIInterfaceOrientationLandscapeRight";
				LD_RUNPATH_SEARCH_PATHS = (
					"$(inherited)",
					"@executable_path/Frameworks",
				);
				MARKETING_VERSION = 1.0;
				PRODUCT_BUNDLE_IDENTIFIER = "com.bushra.BushraBarakat-Lab21";
				PRODUCT_NAME = "$(TARGET_NAME)";
				SWIFT_EMIT_LOC_STRINGS = YES;
				SWIFT_VERSION = 5.0;
				TARGETED_DEVICE_FAMILY = "1,2";
			};
			name = Debug;
		};
		116F26C7274784E200AF13D3 /* Release */ = {
			isa = XCBuildConfiguration;
			buildSettings = {
				ASSETCATALOG_COMPILER_APPICON_NAME = AppIcon;
				ASSETCATALOG_COMPILER_GLOBAL_ACCENT_COLOR_NAME = AccentColor;
				CODE_SIGN_STYLE = Automatic;
				CURRENT_PROJECT_VERSION = 1;
				DEVELOPMENT_TEAM = 34XVCMFU5G;
				GENERATE_INFOPLIST_FILE = YES;
				INFOPLIST_FILE = BushraBarakat_Lab21/Info.plist;
				INFOPLIST_KEY_UIApplicationSupportsIndirectInputEvents = YES;
				INFOPLIST_KEY_UILaunchStoryboardName = LaunchScreen;
				INFOPLIST_KEY_UIMainStoryboardFile = Main;
				INFOPLIST_KEY_UISupportedInterfaceOrientations_iPad = "UIInterfaceOrientationPortrait UIInterfaceOrientationPortraitUpsideDown UIInterfaceOrientationLandscapeLeft UIInterfaceOrientationLandscapeRight";
				INFOPLIST_KEY_UISupportedInterfaceOrientations_iPhone = "UIInterfaceOrientationPortrait UIInterfaceOrientationLandscapeLeft UIInterfaceOrientationLandscapeRight";
				LD_RUNPATH_SEARCH_PATHS = (
					"$(inherited)",
					"@executable_path/Frameworks",
				);
				MARKETING_VERSION = 1.0;
				PRODUCT_BUNDLE_IDENTIFIER = "com.bushra.BushraBarakat-Lab21";
				PRODUCT_NAME = "$(TARGET_NAME)";
				SWIFT_EMIT_LOC_STRINGS = YES;
				SWIFT_VERSION = 5.0;
				TARGETED_DEVICE_FAMILY = "1,2";
			};
			name = Release;
		};
		116F26C9274784E200AF13D3 /* Debug */ = {
			isa = XCBuildConfiguration;
			buildSettings = {
				ALWAYS_EMBED_SWIFT_STANDARD_LIBRARIES = YES;
				BUNDLE_LOADER = "$(TEST_HOST)";
				CODE_SIGN_STYLE = Automatic;
				CURRENT_PROJECT_VERSION = 1;
				GENERATE_INFOPLIST_FILE = YES;
				IPHONEOS_DEPLOYMENT_TARGET = 15.0;
				LD_RUNPATH_SEARCH_PATHS = (
					"$(inherited)",
					"@executable_path/Frameworks",
					"@loader_path/Frameworks",
				);
				MARKETING_VERSION = 1.0;
				PRODUCT_BUNDLE_IDENTIFIER = "com.bushra.BushraBarakat-Lab21Tests";
				PRODUCT_NAME = "$(TARGET_NAME)";
				SWIFT_EMIT_LOC_STRINGS = NO;
				SWIFT_VERSION = 5.0;
				TARGETED_DEVICE_FAMILY = "1,2";
				TEST_HOST = "$(BUILT_PRODUCTS_DIR)/BushraBarakat_Lab21.app/BushraBarakat_Lab21";
			};
			name = Debug;
		};
		116F26CA274784E200AF13D3 /* Release */ = {
			isa = XCBuildConfiguration;
			buildSettings = {
				ALWAYS_EMBED_SWIFT_STANDARD_LIBRARIES = YES;
				BUNDLE_LOADER = "$(TEST_HOST)";
				CODE_SIGN_STYLE = Automatic;
				CURRENT_PROJECT_VERSION = 1;
				GENERATE_INFOPLIST_FILE = YES;
				IPHONEOS_DEPLOYMENT_TARGET = 15.0;
				LD_RUNPATH_SEARCH_PATHS = (
					"$(inherited)",
					"@executable_path/Frameworks",
					"@loader_path/Frameworks",
				);
				MARKETING_VERSION = 1.0;
				PRODUCT_BUNDLE_IDENTIFIER = "com.bushra.BushraBarakat-Lab21Tests";
				PRODUCT_NAME = "$(TARGET_NAME)";
				SWIFT_EMIT_LOC_STRINGS = NO;
				SWIFT_VERSION = 5.0;
				TARGETED_DEVICE_FAMILY = "1,2";
				TEST_HOST = "$(BUILT_PRODUCTS_DIR)/BushraBarakat_Lab21.app/BushraBarakat_Lab21";
			};
			name = Release;
		};
		116F26CC274784E200AF13D3 /* Debug */ = {
			isa = XCBuildConfiguration;
			buildSettings = {
				ALWAYS_EMBED_SWIFT_STANDARD_LIBRARIES = YES;
				CODE_SIGN_STYLE = Automatic;
				CURRENT_PROJECT_VERSION = 1;
				GENERATE_INFOPLIST_FILE = YES;
				LD_RUNPATH_SEARCH_PATHS = (
					"$(inherited)",
					"@executable_path/Frameworks",
					"@loader_path/Frameworks",
				);
				MARKETING_VERSION = 1.0;
				PRODUCT_BUNDLE_IDENTIFIER = "com.bushra.BushraBarakat-Lab21UITests";
				PRODUCT_NAME = "$(TARGET_NAME)";
				SWIFT_EMIT_LOC_STRINGS = NO;
				SWIFT_VERSION = 5.0;
				TARGETED_DEVICE_FAMILY = "1,2";
				TEST_TARGET_NAME = BushraBarakat_Lab21;
			};
			name = Debug;
		};
		116F26CD274784E200AF13D3 /* Release */ = {
			isa = XCBuildConfiguration;
			buildSettings = {
				ALWAYS_EMBED_SWIFT_STANDARD_LIBRARIES = YES;
				CODE_SIGN_STYLE = Automatic;
				CURRENT_PROJECT_VERSION = 1;
				GENERATE_INFOPLIST_FILE = YES;
				LD_RUNPATH_SEARCH_PATHS = (
					"$(inherited)",
					"@executable_path/Frameworks",
					"@loader_path/Frameworks",
				);
				MARKETING_VERSION = 1.0;
				PRODUCT_BUNDLE_IDENTIFIER = "com.bushra.BushraBarakat-Lab21UITests";
				PRODUCT_NAME = "$(TARGET_NAME)";
				SWIFT_EMIT_LOC_STRINGS = NO;
				SWIFT_VERSION = 5.0;
				TARGETED_DEVICE_FAMILY = "1,2";
				TEST_TARGET_NAME = BushraBarakat_Lab21;
			};
			name = Release;
		};
/* End XCBuildConfiguration section */

/* Begin XCConfigurationList section */
		116F2696274784E100AF13D3 /* Build configuration list for PBXProject "BushraBarakat_Lab21" */ = {
			isa = XCConfigurationList;
			buildConfigurations = (
				116F26C3274784E200AF13D3 /* Debug */,
				116F26C4274784E200AF13D3 /* Release */,
			);
			defaultConfigurationIsVisible = 0;
			defaultConfigurationName = Release;
		};
		116F26C5274784E200AF13D3 /* Build configuration list for PBXNativeTarget "BushraBarakat_Lab21" */ = {
			isa = XCConfigurationList;
			buildConfigurations = (
				116F26C6274784E200AF13D3 /* Debug */,
				116F26C7274784E200AF13D3 /* Release */,
			);
			defaultConfigurationIsVisible = 0;
			defaultConfigurationName = Release;
		};
		116F26C8274784E200AF13D3 /* Build configuration list for PBXNativeTarget "BushraBarakat_Lab21Tests" */ = {
			isa = XCConfigurationList;
			buildConfigurations = (
				116F26C9274784E200AF13D3 /* Debug */,
				116F26CA274784E200AF13D3 /* Release */,
			);
			defaultConfigurationIsVisible = 0;
			defaultConfigurationName = Release;
		};
		116F26CB274784E200AF13D3 /* Build configuration list for PBXNativeTarget "BushraBarakat_Lab21UITests" */ = {
			isa = XCConfigurationList;
			buildConfigurations = (
				116F26CC274784E200AF13D3 /* Debug */,
				116F26CD274784E200AF13D3 /* Release */,
			);
			defaultConfigurationIsVisible = 0;
			defaultConfigurationName = Release;
		};
/* End XCConfigurationList section */
	};
	rootObject = 116F2693274784E100AF13D3 /* Project object */;
}
