// !$*UTF8*$!
{
	archiveVersion = 1;
	classes = {
	};
	objectVersion = 55;
	objects = {

/* Begin PBXBuildFile section */
		A300DBD827692B9C00A2BD16 /* MenuController.swift in Sources */ = {isa = PBXBuildFile; fileRef = A300DBD727692B9C00A2BD16 /* MenuController.swift */; };
		A300DBDA27692C9900A2BD16 /* MenuDataSource.swift in Sources */ = {isa = PBXBuildFile; fileRef = A300DBD927692C9900A2BD16 /* MenuDataSource.swift */; };
		A300DBDC27692D4500A2BD16 /* MenuDelegate.swift in Sources */ = {isa = PBXBuildFile; fileRef = A300DBDB27692D4500A2BD16 /* MenuDelegate.swift */; };
		A3F0E43D2768DA8E0069E13C /* AppDelegate.swift in Sources */ = {isa = PBXBuildFile; fileRef = A3F0E43C2768DA8E0069E13C /* AppDelegate.swift */; };
		A3F0E43F2768DA8E0069E13C /* SceneDelegate.swift in Sources */ = {isa = PBXBuildFile; fileRef = A3F0E43E2768DA8E0069E13C /* SceneDelegate.swift */; };
		A3F0E4412768DA8E0069E13C /* ViewController.swift in Sources */ = {isa = PBXBuildFile; fileRef = A3F0E4402768DA8E0069E13C /* ViewController.swift */; };
		A3F0E4442768DA8E0069E13C /* Main.storyboard in Resources */ = {isa = PBXBuildFile; fileRef = A3F0E4422768DA8E0069E13C /* Main.storyboard */; };
		A3F0E4462768DA8F0069E13C /* Assets.xcassets in Resources */ = {isa = PBXBuildFile; fileRef = A3F0E4452768DA8F0069E13C /* Assets.xcassets */; };
		A3F0E4492768DA8F0069E13C /* LaunchScreen.storyboard in Resources */ = {isa = PBXBuildFile; fileRef = A3F0E4472768DA8F0069E13C /* LaunchScreen.storyboard */; };
		A3F0E4542768DA8F0069E13C /* Hungerstation224Tests.swift in Sources */ = {isa = PBXBuildFile; fileRef = A3F0E4532768DA8F0069E13C /* Hungerstation224Tests.swift */; };
		A3F0E45E2768DA8F0069E13C /* Hungerstation224UITests.swift in Sources */ = {isa = PBXBuildFile; fileRef = A3F0E45D2768DA8F0069E13C /* Hungerstation224UITests.swift */; };
		A3F0E4602768DA8F0069E13C /* Hungerstation224UITestsLaunchTests.swift in Sources */ = {isa = PBXBuildFile; fileRef = A3F0E45F2768DA8F0069E13C /* Hungerstation224UITestsLaunchTests.swift */; };
		A3F0E46D2768DB200069E13C /* MenuCell.xib in Resources */ = {isa = PBXBuildFile; fileRef = A3F0E46C2768DB200069E13C /* MenuCell.xib */; };
		A3F0E46F2768DB950069E13C /* MenuCell.swift in Sources */ = {isa = PBXBuildFile; fileRef = A3F0E46E2768DB950069E13C /* MenuCell.swift */; };
		A3F0E4712768DBCA0069E13C /* FoodsCell.swift in Sources */ = {isa = PBXBuildFile; fileRef = A3F0E4702768DBCA0069E13C /* FoodsCell.swift */; };
		A3F0E4732768DBE60069E13C /* Items.swift in Sources */ = {isa = PBXBuildFile; fileRef = A3F0E4722768DBE60069E13C /* Items.swift */; };
/* End PBXBuildFile section */

/* Begin PBXContainerItemProxy section */
		A3F0E4502768DA8F0069E13C /* PBXContainerItemProxy */ = {
			isa = PBXContainerItemProxy;
			containerPortal = A3F0E4312768DA8E0069E13C /* Project object */;
			proxyType = 1;
			remoteGlobalIDString = A3F0E4382768DA8E0069E13C;
			remoteInfo = Hungerstation224;
		};
		A3F0E45A2768DA8F0069E13C /* PBXContainerItemProxy */ = {
			isa = PBXContainerItemProxy;
			containerPortal = A3F0E4312768DA8E0069E13C /* Project object */;
			proxyType = 1;
			remoteGlobalIDString = A3F0E4382768DA8E0069E13C;
			remoteInfo = Hungerstation224;
		};
/* End PBXContainerItemProxy section */

/* Begin PBXFileReference section */
		A300DBD727692B9C00A2BD16 /* MenuController.swift */ = {isa = PBXFileReference; lastKnownFileType = sourcecode.swift; path = MenuController.swift; sourceTree = "<group>"; };
		A300DBD927692C9900A2BD16 /* MenuDataSource.swift */ = {isa = PBXFileReference; lastKnownFileType = sourcecode.swift; path = MenuDataSource.swift; sourceTree = "<group>"; };
		A300DBDB27692D4500A2BD16 /* MenuDelegate.swift */ = {isa = PBXFileReference; lastKnownFileType = sourcecode.swift; path = MenuDelegate.swift; sourceTree = "<group>"; };
		A3F0E4392768DA8E0069E13C /* Hungerstation224.app */ = {isa = PBXFileReference; explicitFileType = wrapper.application; includeInIndex = 0; path = Hungerstation224.app; sourceTree = BUILT_PRODUCTS_DIR; };
		A3F0E43C2768DA8E0069E13C /* AppDelegate.swift */ = {isa = PBXFileReference; lastKnownFileType = sourcecode.swift; path = AppDelegate.swift; sourceTree = "<group>"; };
		A3F0E43E2768DA8E0069E13C /* SceneDelegate.swift */ = {isa = PBXFileReference; lastKnownFileType = sourcecode.swift; path = SceneDelegate.swift; sourceTree = "<group>"; };
		A3F0E4402768DA8E0069E13C /* ViewController.swift */ = {isa = PBXFileReference; lastKnownFileType = sourcecode.swift; path = ViewController.swift; sourceTree = "<group>"; };
		A3F0E4432768DA8E0069E13C /* Base */ = {isa = PBXFileReference; lastKnownFileType = file.storyboard; name = Base; path = Base.lproj/Main.storyboard; sourceTree = "<group>"; };
		A3F0E4452768DA8F0069E13C /* Assets.xcassets */ = {isa = PBXFileReference; lastKnownFileType = folder.assetcatalog; path = Assets.xcassets; sourceTree = "<group>"; };
		A3F0E4482768DA8F0069E13C /* Base */ = {isa = PBXFileReference; lastKnownFileType = file.storyboard; name = Base; path = Base.lproj/LaunchScreen.storyboard; sourceTree = "<group>"; };
		A3F0E44A2768DA8F0069E13C /* Info.plist */ = {isa = PBXFileReference; lastKnownFileType = text.plist.xml; path = Info.plist; sourceTree = "<group>"; };
		A3F0E44F2768DA8F0069E13C /* Hungerstation224Tests.xctest */ = {isa = PBXFileReference; explicitFileType = wrapper.cfbundle; includeInIndex = 0; path = Hungerstation224Tests.xctest; sourceTree = BUILT_PRODUCTS_DIR; };
		A3F0E4532768DA8F0069E13C /* Hungerstation224Tests.swift */ = {isa = PBXFileReference; lastKnownFileType = sourcecode.swift; path = Hungerstation224Tests.swift; sourceTree = "<group>"; };
		A3F0E4592768DA8F0069E13C /* Hungerstation224UITests.xctest */ = {isa = PBXFileReference; explicitFileType = wrapper.cfbundle; includeInIndex = 0; path = Hungerstation224UITests.xctest; sourceTree = BUILT_PRODUCTS_DIR; };
		A3F0E45D2768DA8F0069E13C /* Hungerstation224UITests.swift */ = {isa = PBXFileReference; lastKnownFileType = sourcecode.swift; path = Hungerstation224UITests.swift; sourceTree = "<group>"; };
		A3F0E45F2768DA8F0069E13C /* Hungerstation224UITestsLaunchTests.swift */ = {isa = PBXFileReference; lastKnownFileType = sourcecode.swift; path = Hungerstation224UITestsLaunchTests.swift; sourceTree = "<group>"; };
		A3F0E46C2768DB200069E13C /* MenuCell.xib */ = {isa = PBXFileReference; lastKnownFileType = file.xib; path = MenuCell.xib; sourceTree = "<group>"; };
		A3F0E46E2768DB950069E13C /* MenuCell.swift */ = {isa = PBXFileReference; lastKnownFileType = sourcecode.swift; path = MenuCell.swift; sourceTree = "<group>"; };
		A3F0E4702768DBCA0069E13C /* FoodsCell.swift */ = {isa = PBXFileReference; lastKnownFileType = sourcecode.swift; path = FoodsCell.swift; sourceTree = "<group>"; };
		A3F0E4722768DBE60069E13C /* Items.swift */ = {isa = PBXFileReference; lastKnownFileType = sourcecode.swift; path = Items.swift; sourceTree = "<group>"; };
/* End PBXFileReference section */

/* Begin PBXFrameworksBuildPhase section */
		A3F0E4362768DA8E0069E13C /* Frameworks */ = {
			isa = PBXFrameworksBuildPhase;
			buildActionMask = 2147483647;
			files = (
			);
			runOnlyForDeploymentPostprocessing = 0;
		};
		A3F0E44C2768DA8F0069E13C /* Frameworks */ = {
			isa = PBXFrameworksBuildPhase;
			buildActionMask = 2147483647;
			files = (
			);
			runOnlyForDeploymentPostprocessing = 0;
		};
		A3F0E4562768DA8F0069E13C /* Frameworks */ = {
			isa = PBXFrameworksBuildPhase;
			buildActionMask = 2147483647;
			files = (
			);
			runOnlyForDeploymentPostprocessing = 0;
		};
/* End PBXFrameworksBuildPhase section */

/* Begin PBXGroup section */
		A300DBD627692B4100A2BD16 /* Menu */ = {
			isa = PBXGroup;
			children = (
				A300DBD727692B9C00A2BD16 /* MenuController.swift */,
				A300DBD927692C9900A2BD16 /* MenuDataSource.swift */,
				A300DBDB27692D4500A2BD16 /* MenuDelegate.swift */,
			);
			path = Menu;
			sourceTree = "<group>";
		};
		A300DBDD27692F3100A2BD16 /* items */ = {
			isa = PBXGroup;
			children = (
				A3F0E4722768DBE60069E13C /* Items.swift */,
				A300DBDE2769300900A2BD16 /* Headers */,
			);
			path = items;
			sourceTree = "<group>";
		};
		A300DBDE2769300900A2BD16 /* Headers */ = {
			isa = PBXGroup;
			children = (
			);
			path = Headers;
			sourceTree = "<group>";
		};
		A300DBDF2769306E00A2BD16 /* Cell */ = {
			isa = PBXGroup;
			children = (
				A3F0E4702768DBCA0069E13C /* FoodsCell.swift */,
				A3F0E46E2768DB950069E13C /* MenuCell.swift */,
			);
			path = Cell;
			sourceTree = "<group>";
		};
		A300DBE02769313E00A2BD16 /* View */ = {
			isa = PBXGroup;
			children = (
				A3F0E4422768DA8E0069E13C /* Main.storyboard */,
				A3F0E46C2768DB200069E13C /* MenuCell.xib */,
			);
			path = View;
			sourceTree = "<group>";
		};
		A300DBE12769321700A2BD16 /* Controller */ = {
			isa = PBXGroup;
			children = (
				A3F0E4402768DA8E0069E13C /* ViewController.swift */,
			);
			path = Controller;
			sourceTree = "<group>";
		};
		A3F0E4302768DA8E0069E13C = {
			isa = PBXGroup;
			children = (
				A3F0E43B2768DA8E0069E13C /* Hungerstation224 */,
				A3F0E4522768DA8F0069E13C /* Hungerstation224Tests */,
				A3F0E45C2768DA8F0069E13C /* Hungerstation224UITests */,
				A3F0E43A2768DA8E0069E13C /* Products */,
			);
			sourceTree = "<group>";
		};
		A3F0E43A2768DA8E0069E13C /* Products */ = {
			isa = PBXGroup;
			children = (
				A3F0E4392768DA8E0069E13C /* Hungerstation224.app */,
				A3F0E44F2768DA8F0069E13C /* Hungerstation224Tests.xctest */,
				A3F0E4592768DA8F0069E13C /* Hungerstation224UITests.xctest */,
			);
			name = Products;
			sourceTree = "<group>";
		};
		A3F0E43B2768DA8E0069E13C /* Hungerstation224 */ = {
			isa = PBXGroup;
			children = (
				A3F0E43C2768DA8E0069E13C /* AppDelegate.swift */,
				A3F0E43E2768DA8E0069E13C /* SceneDelegate.swift */,
				A300DBE12769321700A2BD16 /* Controller */,
				A300DBD627692B4100A2BD16 /* Menu */,
				A300DBDF2769306E00A2BD16 /* Cell */,
				A300DBE02769313E00A2BD16 /* View */,
				A300DBDD27692F3100A2BD16 /* items */,
				A3F0E4452768DA8F0069E13C /* Assets.xcassets */,
				A3F0E4472768DA8F0069E13C /* LaunchScreen.storyboard */,
				A3F0E44A2768DA8F0069E13C /* Info.plist */,
			);
			path = Hungerstation224;
			sourceTree = "<group>";
		};
		A3F0E4522768DA8F0069E13C /* Hungerstation224Tests */ = {
			isa = PBXGroup;
			children = (
				A3F0E4532768DA8F0069E13C /* Hungerstation224Tests.swift */,
			);
			path = Hungerstation224Tests;
			sourceTree = "<group>";
		};
		A3F0E45C2768DA8F0069E13C /* Hungerstation224UITests */ = {
			isa = PBXGroup;
			children = (
				A3F0E45D2768DA8F0069E13C /* Hungerstation224UITests.swift */,
				A3F0E45F2768DA8F0069E13C /* Hungerstation224UITestsLaunchTests.swift */,
			);
			path = Hungerstation224UITests;
			sourceTree = "<group>";
		};
/* End PBXGroup section */

/* Begin PBXNativeTarget section */
		A3F0E4382768DA8E0069E13C /* Hungerstation224 */ = {
			isa = PBXNativeTarget;
			buildConfigurationList = A3F0E4632768DA8F0069E13C /* Build configuration list for PBXNativeTarget "Hungerstation224" */;
			buildPhases = (
				A3F0E4352768DA8E0069E13C /* Sources */,
				A3F0E4362768DA8E0069E13C /* Frameworks */,
				A3F0E4372768DA8E0069E13C /* Resources */,
			);
			buildRules = (
			);
			dependencies = (
			);
			name = Hungerstation224;
			productName = Hungerstation224;
			productReference = A3F0E4392768DA8E0069E13C /* Hungerstation224.app */;
			productType = "com.apple.product-type.application";
		};
		A3F0E44E2768DA8F0069E13C /* Hungerstation224Tests */ = {
			isa = PBXNativeTarget;
			buildConfigurationList = A3F0E4662768DA8F0069E13C /* Build configuration list for PBXNativeTarget "Hungerstation224Tests" */;
			buildPhases = (
				A3F0E44B2768DA8F0069E13C /* Sources */,
				A3F0E44C2768DA8F0069E13C /* Frameworks */,
				A3F0E44D2768DA8F0069E13C /* Resources */,
			);
			buildRules = (
			);
			dependencies = (
				A3F0E4512768DA8F0069E13C /* PBXTargetDependency */,
			);
			name = Hungerstation224Tests;
			productName = Hungerstation224Tests;
			productReference = A3F0E44F2768DA8F0069E13C /* Hungerstation224Tests.xctest */;
			productType = "com.apple.product-type.bundle.unit-test";
		};
		A3F0E4582768DA8F0069E13C /* Hungerstation224UITests */ = {
			isa = PBXNativeTarget;
			buildConfigurationList = A3F0E4692768DA8F0069E13C /* Build configuration list for PBXNativeTarget "Hungerstation224UITests" */;
			buildPhases = (
				A3F0E4552768DA8F0069E13C /* Sources */,
				A3F0E4562768DA8F0069E13C /* Frameworks */,
				A3F0E4572768DA8F0069E13C /* Resources */,
			);
			buildRules = (
			);
			dependencies = (
				A3F0E45B2768DA8F0069E13C /* PBXTargetDependency */,
			);
			name = Hungerstation224UITests;
			productName = Hungerstation224UITests;
			productReference = A3F0E4592768DA8F0069E13C /* Hungerstation224UITests.xctest */;
			productType = "com.apple.product-type.bundle.ui-testing";
		};
/* End PBXNativeTarget section */

/* Begin PBXProject section */
		A3F0E4312768DA8E0069E13C /* Project object */ = {
			isa = PBXProject;
			attributes = {
				BuildIndependentTargetsInParallel = 1;
				LastSwiftUpdateCheck = 1310;
				LastUpgradeCheck = 1310;
				TargetAttributes = {
					A3F0E4382768DA8E0069E13C = {
						CreatedOnToolsVersion = 13.1;
					};
					A3F0E44E2768DA8F0069E13C = {
						CreatedOnToolsVersion = 13.1;
						TestTargetID = A3F0E4382768DA8E0069E13C;
					};
					A3F0E4582768DA8F0069E13C = {
						CreatedOnToolsVersion = 13.1;
						TestTargetID = A3F0E4382768DA8E0069E13C;
					};
				};
			};
			buildConfigurationList = A3F0E4342768DA8E0069E13C /* Build configuration list for PBXProject "Hungerstation224" */;
			compatibilityVersion = "Xcode 13.0";
			developmentRegion = en;
			hasScannedForEncodings = 0;
			knownRegions = (
				en,
				Base,
			);
			mainGroup = A3F0E4302768DA8E0069E13C;
			productRefGroup = A3F0E43A2768DA8E0069E13C /* Products */;
			projectDirPath = "";
			projectRoot = "";
			targets = (
				A3F0E4382768DA8E0069E13C /* Hungerstation224 */,
				A3F0E44E2768DA8F0069E13C /* Hungerstation224Tests */,
				A3F0E4582768DA8F0069E13C /* Hungerstation224UITests */,
			);
		};
/* End PBXProject section */

/* Begin PBXResourcesBuildPhase section */
		A3F0E4372768DA8E0069E13C /* Resources */ = {
			isa = PBXResourcesBuildPhase;
			buildActionMask = 2147483647;
			files = (
				A3F0E4492768DA8F0069E13C /* LaunchScreen.storyboard in Resources */,
				A3F0E4462768DA8F0069E13C /* Assets.xcassets in Resources */,
				A3F0E46D2768DB200069E13C /* MenuCell.xib in Resources */,
				A3F0E4442768DA8E0069E13C /* Main.storyboard in Resources */,
			);
			runOnlyForDeploymentPostprocessing = 0;
		};
		A3F0E44D2768DA8F0069E13C /* Resources */ = {
			isa = PBXResourcesBuildPhase;
			buildActionMask = 2147483647;
			files = (
			);
			runOnlyForDeploymentPostprocessing = 0;
		};
		A3F0E4572768DA8F0069E13C /* Resources */ = {
			isa = PBXResourcesBuildPhase;
			buildActionMask = 2147483647;
			files = (
			);
			runOnlyForDeploymentPostprocessing = 0;
		};
/* End PBXResourcesBuildPhase section */

/* Begin PBXSourcesBuildPhase section */
		A3F0E4352768DA8E0069E13C /* Sources */ = {
			isa = PBXSourcesBuildPhase;
			buildActionMask = 2147483647;
			files = (
				A3F0E4712768DBCA0069E13C /* FoodsCell.swift in Sources */,
				A300DBD827692B9C00A2BD16 /* MenuController.swift in Sources */,
				A300DBDC27692D4500A2BD16 /* MenuDelegate.swift in Sources */,
				A3F0E4412768DA8E0069E13C /* ViewController.swift in Sources */,
				A3F0E43D2768DA8E0069E13C /* AppDelegate.swift in Sources */,
				A3F0E46F2768DB950069E13C /* MenuCell.swift in Sources */,
				A3F0E4732768DBE60069E13C /* Items.swift in Sources */,
				A3F0E43F2768DA8E0069E13C /* SceneDelegate.swift in Sources */,
				A300DBDA27692C9900A2BD16 /* MenuDataSource.swift in Sources */,
			);
			runOnlyForDeploymentPostprocessing = 0;
		};
		A3F0E44B2768DA8F0069E13C /* Sources */ = {
			isa = PBXSourcesBuildPhase;
			buildActionMask = 2147483647;
			files = (
				A3F0E4542768DA8F0069E13C /* Hungerstation224Tests.swift in Sources */,
			);
			runOnlyForDeploymentPostprocessing = 0;
		};
		A3F0E4552768DA8F0069E13C /* Sources */ = {
			isa = PBXSourcesBuildPhase;
			buildActionMask = 2147483647;
			files = (
				A3F0E45E2768DA8F0069E13C /* Hungerstation224UITests.swift in Sources */,
				A3F0E4602768DA8F0069E13C /* Hungerstation224UITestsLaunchTests.swift in Sources */,
			);
			runOnlyForDeploymentPostprocessing = 0;
		};
/* End PBXSourcesBuildPhase section */

/* Begin PBXTargetDependency section */
		A3F0E4512768DA8F0069E13C /* PBXTargetDependency */ = {
			isa = PBXTargetDependency;
			target = A3F0E4382768DA8E0069E13C /* Hungerstation224 */;
			targetProxy = A3F0E4502768DA8F0069E13C /* PBXContainerItemProxy */;
		};
		A3F0E45B2768DA8F0069E13C /* PBXTargetDependency */ = {
			isa = PBXTargetDependency;
			target = A3F0E4382768DA8E0069E13C /* Hungerstation224 */;
			targetProxy = A3F0E45A2768DA8F0069E13C /* PBXContainerItemProxy */;
		};
/* End PBXTargetDependency section */

/* Begin PBXVariantGroup section */
		A3F0E4422768DA8E0069E13C /* Main.storyboard */ = {
			isa = PBXVariantGroup;
			children = (
				A3F0E4432768DA8E0069E13C /* Base */,
			);
			name = Main.storyboard;
			sourceTree = "<group>";
		};
		A3F0E4472768DA8F0069E13C /* LaunchScreen.storyboard */ = {
			isa = PBXVariantGroup;
			children = (
				A3F0E4482768DA8F0069E13C /* Base */,
			);
			name = LaunchScreen.storyboard;
			sourceTree = "<group>";
		};
/* End PBXVariantGroup section */

/* Begin XCBuildConfiguration section */
		A3F0E4612768DA8F0069E13C /* Debug */ = {
			isa = XCBuildConfiguration;
			buildSettings = {
				ALWAYS_SEARCH_USER_PATHS = NO;
				CLANG_ANALYZER_NONNULL = YES;
				CLANG_ANALYZER_NUMBER_OBJECT_CONVERSION = YES_AGGRESSIVE;
				CLANG_CXX_LANGUAGE_STANDARD = "gnu++17";
				CLANG_CXX_LIBRARY = "libc++";
				CLANG_ENABLE_MODULES = YES;
				CLANG_ENABLE_OBJC_ARC = YES;
				CLANG_ENABLE_OBJC_WEAK = YES;
				CLANG_WARN_BLOCK_CAPTURE_AUTORELEASING = YES;
				CLANG_WARN_BOOL_CONVERSION = YES;
				CLANG_WARN_COMMA = YES;
				CLANG_WARN_CONSTANT_CONVERSION = YES;
				CLANG_WARN_DEPRECATED_OBJC_IMPLEMENTATIONS = YES;
				CLANG_WARN_DIRECT_OBJC_ISA_USAGE = YES_ERROR;
				CLANG_WARN_DOCUMENTATION_COMMENTS = YES;
				CLANG_WARN_EMPTY_BODY = YES;
				CLANG_WARN_ENUM_CONVERSION = YES;
				CLANG_WARN_INFINITE_RECURSION = YES;
				CLANG_WARN_INT_CONVERSION = YES;
				CLANG_WARN_NON_LITERAL_NULL_CONVERSION = YES;
				CLANG_WARN_OBJC_IMPLICIT_RETAIN_SELF = YES;
				CLANG_WARN_OBJC_LITERAL_CONVERSION = YES;
				CLANG_WARN_OBJC_ROOT_CLASS = YES_ERROR;
				CLANG_WARN_QUOTED_INCLUDE_IN_FRAMEWORK_HEADER = YES;
				CLANG_WARN_RANGE_LOOP_ANALYSIS = YES;
				CLANG_WARN_STRICT_PROTOTYPES = YES;
				CLANG_WARN_SUSPICIOUS_MOVE = YES;
				CLANG_WARN_UNGUARDED_AVAILABILITY = YES_AGGRESSIVE;
				CLANG_WARN_UNREACHABLE_CODE = YES;
				CLANG_WARN__DUPLICATE_METHOD_MATCH = YES;
				COPY_PHASE_STRIP = NO;
				DEBUG_INFORMATION_FORMAT = dwarf;
				ENABLE_STRICT_OBJC_MSGSEND = YES;
				ENABLE_TESTABILITY = YES;
				GCC_C_LANGUAGE_STANDARD = gnu11;
				GCC_DYNAMIC_NO_PIC = NO;
				GCC_NO_COMMON_BLOCKS = YES;
				GCC_OPTIMIZATION_LEVEL = 0;
				GCC_PREPROCESSOR_DEFINITIONS = (
					"DEBUG=1",
					"$(inherited)",
				);
				GCC_WARN_64_TO_32_BIT_CONVERSION = YES;
				GCC_WARN_ABOUT_RETURN_TYPE = YES_ERROR;
				GCC_WARN_UNDECLARED_SELECTOR = YES;
				GCC_WARN_UNINITIALIZED_AUTOS = YES_AGGRESSIVE;
				GCC_WARN_UNUSED_FUNCTION = YES;
				GCC_WARN_UNUSED_VARIABLE = YES;
				IPHONEOS_DEPLOYMENT_TARGET = 15.0;
				MTL_ENABLE_DEBUG_INFO = INCLUDE_SOURCE;
				MTL_FAST_MATH = YES;
				ONLY_ACTIVE_ARCH = YES;
				SDKROOT = iphoneos;
				SWIFT_ACTIVE_COMPILATION_CONDITIONS = DEBUG;
				SWIFT_OPTIMIZATION_LEVEL = "-Onone";
			};
			name = Debug;
		};
		A3F0E4622768DA8F0069E13C /* Release */ = {
			isa = XCBuildConfiguration;
			buildSettings = {
				ALWAYS_SEARCH_USER_PATHS = NO;
				CLANG_ANALYZER_NONNULL = YES;
				CLANG_ANALYZER_NUMBER_OBJECT_CONVERSION = YES_AGGRESSIVE;
				CLANG_CXX_LANGUAGE_STANDARD = "gnu++17";
				CLANG_CXX_LIBRARY = "libc++";
				CLANG_ENABLE_MODULES = YES;
				CLANG_ENABLE_OBJC_ARC = YES;
				CLANG_ENABLE_OBJC_WEAK = YES;
				CLANG_WARN_BLOCK_CAPTURE_AUTORELEASING = YES;
				CLANG_WARN_BOOL_CONVERSION = YES;
				CLANG_WARN_COMMA = YES;
				CLANG_WARN_CONSTANT_CONVERSION = YES;
				CLANG_WARN_DEPRECATED_OBJC_IMPLEMENTATIONS = YES;
				CLANG_WARN_DIRECT_OBJC_ISA_USAGE = YES_ERROR;
				CLANG_WARN_DOCUMENTATION_COMMENTS = YES;
				CLANG_WARN_EMPTY_BODY = YES;
				CLANG_WARN_ENUM_CONVERSION = YES;
				CLANG_WARN_INFINITE_RECURSION = YES;
				CLANG_WARN_INT_CONVERSION = YES;
				CLANG_WARN_NON_LITERAL_NULL_CONVERSION = YES;
				CLANG_WARN_OBJC_IMPLICIT_RETAIN_SELF = YES;
				CLANG_WARN_OBJC_LITERAL_CONVERSION = YES;
				CLANG_WARN_OBJC_ROOT_CLASS = YES_ERROR;
				CLANG_WARN_QUOTED_INCLUDE_IN_FRAMEWORK_HEADER = YES;
				CLANG_WARN_RANGE_LOOP_ANALYSIS = YES;
				CLANG_WARN_STRICT_PROTOTYPES = YES;
				CLANG_WARN_SUSPICIOUS_MOVE = YES;
				CLANG_WARN_UNGUARDED_AVAILABILITY = YES_AGGRESSIVE;
				CLANG_WARN_UNREACHABLE_CODE = YES;
				CLANG_WARN__DUPLICATE_METHOD_MATCH = YES;
				COPY_PHASE_STRIP = NO;
				DEBUG_INFORMATION_FORMAT = "dwarf-with-dsym";
				ENABLE_NS_ASSERTIONS = NO;
				ENABLE_STRICT_OBJC_MSGSEND = YES;
				GCC_C_LANGUAGE_STANDARD = gnu11;
				GCC_NO_COMMON_BLOCKS = YES;
				GCC_WARN_64_TO_32_BIT_CONVERSION = YES;
				GCC_WARN_ABOUT_RETURN_TYPE = YES_ERROR;
				GCC_WARN_UNDECLARED_SELECTOR = YES;
				GCC_WARN_UNINITIALIZED_AUTOS = YES_AGGRESSIVE;
				GCC_WARN_UNUSED_FUNCTION = YES;
				GCC_WARN_UNUSED_VARIABLE = YES;
				IPHONEOS_DEPLOYMENT_TARGET = 15.0;
				MTL_ENABLE_DEBUG_INFO = NO;
				MTL_FAST_MATH = YES;
				SDKROOT = iphoneos;
				SWIFT_COMPILATION_MODE = wholemodule;
				SWIFT_OPTIMIZATION_LEVEL = "-O";
				VALIDATE_PRODUCT = YES;
			};
			name = Release;
		};
		A3F0E4642768DA8F0069E13C /* Debug */ = {
			isa = XCBuildConfiguration;
			buildSettings = {
				ASSETCATALOG_COMPILER_APPICON_NAME = AppIcon;
				ASSETCATALOG_COMPILER_GLOBAL_ACCENT_COLOR_NAME = AccentColor;
				CODE_SIGN_STYLE = Automatic;
				CURRENT_PROJECT_VERSION = 1;
				GENERATE_INFOPLIST_FILE = YES;
				INFOPLIST_FILE = Hungerstation224/Info.plist;
				INFOPLIST_KEY_UIApplicationSupportsIndirectInputEvents = YES;
				INFOPLIST_KEY_UILaunchStoryboardName = LaunchScreen;
				INFOPLIST_KEY_UIMainStoryboardFile = Main;
				INFOPLIST_KEY_UISupportedInterfaceOrientations_iPad = "UIInterfaceOrientationPortrait UIInterfaceOrientationPortraitUpsideDown UIInterfaceOrientationLandscapeLeft UIInterfaceOrientationLandscapeRight";
				INFOPLIST_KEY_UISupportedInterfaceOrientations_iPhone = "UIInterfaceOrientationPortrait UIInterfaceOrientationLandscapeLeft UIInterfaceOrientationLandscapeRight";
				LD_RUNPATH_SEARCH_PATHS = (
					"$(inherited)",
					"@executable_path/Frameworks",
				);
				MARKETING_VERSION = 1.0;
				PRODUCT_BUNDLE_IDENTIFIER = "musa-masmali.Hungerstation224";
				PRODUCT_NAME = "$(TARGET_NAME)";
				SWIFT_EMIT_LOC_STRINGS = YES;
				SWIFT_VERSION = 5.0;
				TARGETED_DEVICE_FAMILY = "1,2";
			};
			name = Debug;
		};
		A3F0E4652768DA8F0069E13C /* Release */ = {
			isa = XCBuildConfiguration;
			buildSettings = {
				ASSETCATALOG_COMPILER_APPICON_NAME = AppIcon;
				ASSETCATALOG_COMPILER_GLOBAL_ACCENT_COLOR_NAME = AccentColor;
				CODE_SIGN_STYLE = Automatic;
				CURRENT_PROJECT_VERSION = 1;
				GENERATE_INFOPLIST_FILE = YES;
				INFOPLIST_FILE = Hungerstation224/Info.plist;
				INFOPLIST_KEY_UIApplicationSupportsIndirectInputEvents = YES;
				INFOPLIST_KEY_UILaunchStoryboardName = LaunchScreen;
				INFOPLIST_KEY_UIMainStoryboardFile = Main;
				INFOPLIST_KEY_UISupportedInterfaceOrientations_iPad = "UIInterfaceOrientationPortrait UIInterfaceOrientationPortraitUpsideDown UIInterfaceOrientationLandscapeLeft UIInterfaceOrientationLandscapeRight";
				INFOPLIST_KEY_UISupportedInterfaceOrientations_iPhone = "UIInterfaceOrientationPortrait UIInterfaceOrientationLandscapeLeft UIInterfaceOrientationLandscapeRight";
				LD_RUNPATH_SEARCH_PATHS = (
					"$(inherited)",
					"@executable_path/Frameworks",
				);
				MARKETING_VERSION = 1.0;
				PRODUCT_BUNDLE_IDENTIFIER = "musa-masmali.Hungerstation224";
				PRODUCT_NAME = "$(TARGET_NAME)";
				SWIFT_EMIT_LOC_STRINGS = YES;
				SWIFT_VERSION = 5.0;
				TARGETED_DEVICE_FAMILY = "1,2";
			};
			name = Release;
		};
		A3F0E4672768DA8F0069E13C /* Debug */ = {
			isa = XCBuildConfiguration;
			buildSettings = {
				ALWAYS_EMBED_SWIFT_STANDARD_LIBRARIES = YES;
				BUNDLE_LOADER = "$(TEST_HOST)";
				CODE_SIGN_STYLE = Automatic;
				CURRENT_PROJECT_VERSION = 1;
				GENERATE_INFOPLIST_FILE = YES;
				IPHONEOS_DEPLOYMENT_TARGET = 15.0;
				LD_RUNPATH_SEARCH_PATHS = (
					"$(inherited)",
					"@executable_path/Frameworks",
					"@loader_path/Frameworks",
				);
				MARKETING_VERSION = 1.0;
				PRODUCT_BUNDLE_IDENTIFIER = "musa-masmali.Hungerstation224Tests";
				PRODUCT_NAME = "$(TARGET_NAME)";
				SWIFT_EMIT_LOC_STRINGS = NO;
				SWIFT_VERSION = 5.0;
				TARGETED_DEVICE_FAMILY = "1,2";
				TEST_HOST = "$(BUILT_PRODUCTS_DIR)/Hungerstation224.app/Hungerstation224";
			};
			name = Debug;
		};
		A3F0E4682768DA8F0069E13C /* Release */ = {
			isa = XCBuildConfiguration;
			buildSettings = {
				ALWAYS_EMBED_SWIFT_STANDARD_LIBRARIES = YES;
				BUNDLE_LOADER = "$(TEST_HOST)";
				CODE_SIGN_STYLE = Automatic;
				CURRENT_PROJECT_VERSION = 1;
				GENERATE_INFOPLIST_FILE = YES;
				IPHONEOS_DEPLOYMENT_TARGET = 15.0;
				LD_RUNPATH_SEARCH_PATHS = (
					"$(inherited)",
					"@executable_path/Frameworks",
					"@loader_path/Frameworks",
				);
				MARKETING_VERSION = 1.0;
				PRODUCT_BUNDLE_IDENTIFIER = "musa-masmali.Hungerstation224Tests";
				PRODUCT_NAME = "$(TARGET_NAME)";
				SWIFT_EMIT_LOC_STRINGS = NO;
				SWIFT_VERSION = 5.0;
				TARGETED_DEVICE_FAMILY = "1,2";
				TEST_HOST = "$(BUILT_PRODUCTS_DIR)/Hungerstation224.app/Hungerstation224";
			};
			name = Release;
		};
		A3F0E46A2768DA8F0069E13C /* Debug */ = {
			isa = XCBuildConfiguration;
			buildSettings = {
				ALWAYS_EMBED_SWIFT_STANDARD_LIBRARIES = YES;
				CODE_SIGN_STYLE = Automatic;
				CURRENT_PROJECT_VERSION = 1;
				GENERATE_INFOPLIST_FILE = YES;
				LD_RUNPATH_SEARCH_PATHS = (
					"$(inherited)",
					"@executable_path/Frameworks",
					"@loader_path/Frameworks",
				);
				MARKETING_VERSION = 1.0;
				PRODUCT_BUNDLE_IDENTIFIER = "musa-masmali.Hungerstation224UITests";
				PRODUCT_NAME = "$(TARGET_NAME)";
				SWIFT_EMIT_LOC_STRINGS = NO;
				SWIFT_VERSION = 5.0;
				TARGETED_DEVICE_FAMILY = "1,2";
				TEST_TARGET_NAME = Hungerstation224;
			};
			name = Debug;
		};
		A3F0E46B2768DA8F0069E13C /* Release */ = {
			isa = XCBuildConfiguration;
			buildSettings = {
				ALWAYS_EMBED_SWIFT_STANDARD_LIBRARIES = YES;
				CODE_SIGN_STYLE = Automatic;
				CURRENT_PROJECT_VERSION = 1;
				GENERATE_INFOPLIST_FILE = YES;
				LD_RUNPATH_SEARCH_PATHS = (
					"$(inherited)",
					"@executable_path/Frameworks",
					"@loader_path/Frameworks",
				);
				MARKETING_VERSION = 1.0;
				PRODUCT_BUNDLE_IDENTIFIER = "musa-masmali.Hungerstation224UITests";
				PRODUCT_NAME = "$(TARGET_NAME)";
				SWIFT_EMIT_LOC_STRINGS = NO;
				SWIFT_VERSION = 5.0;
				TARGETED_DEVICE_FAMILY = "1,2";
				TEST_TARGET_NAME = Hungerstation224;
			};
			name = Release;
		};
/* End XCBuildConfiguration section */

/* Begin XCConfigurationList section */
		A3F0E4342768DA8E0069E13C /* Build configuration list for PBXProject "Hungerstation224" */ = {
			isa = XCConfigurationList;
			buildConfigurations = (
				A3F0E4612768DA8F0069E13C /* Debug */,
				A3F0E4622768DA8F0069E13C /* Release */,
			);
			defaultConfigurationIsVisible = 0;
			defaultConfigurationName = Release;
		};
		A3F0E4632768DA8F0069E13C /* Build configuration list for PBXNativeTarget "Hungerstation224" */ = {
			isa = XCConfigurationList;
			buildConfigurations = (
				A3F0E4642768DA8F0069E13C /* Debug */,
				A3F0E4652768DA8F0069E13C /* Release */,
			);
			defaultConfigurationIsVisible = 0;
			defaultConfigurationName = Release;
		};
		A3F0E4662768DA8F0069E13C /* Build configuration list for PBXNativeTarget "Hungerstation224Tests" */ = {
			isa = XCConfigurationList;
			buildConfigurations = (
				A3F0E4672768DA8F0069E13C /* Debug */,
				A3F0E4682768DA8F0069E13C /* Release */,
			);
			defaultConfigurationIsVisible = 0;
			defaultConfigurationName = Release;
		};
		A3F0E4692768DA8F0069E13C /* Build configuration list for PBXNativeTarget "Hungerstation224UITests" */ = {
			isa = XCConfigurationList;
			buildConfigurations = (
				A3F0E46A2768DA8F0069E13C /* Debug */,
				A3F0E46B2768DA8F0069E13C /* Release */,
			);
			defaultConfigurationIsVisible = 0;
			defaultConfigurationName = Release;
		};
/* End XCConfigurationList section */
	};
	rootObject = A3F0E4312768DA8E0069E13C /* Project object */;
}
